// !$*UTF8*$!
{
	archiveVersion = 1;
	classes = {
	};
	objectVersion = 46;
	objects = {

/* Begin PBXBuildFile section */
		2908A8BB1D2E2B5D00CB1D19 /* CentralUi.xcassets in Resources */ = {isa = PBXBuildFile; fileRef = 2908A8BA1D2E2B5D00CB1D19 /* CentralUi.xcassets */; };
		29269C901D0FB98000135FF8 /* Unified.h in Headers */ = {isa = PBXBuildFile; fileRef = 29269C8F1D0FB98000135FF8 /* Unified.h */; settings = {ATTRIBUTES = (Public, ); }; };
		CF7B9085CA4EAD158114826D /* AsyncExecution.swift in Sources */ = {isa = PBXBuildFile; fileRef = CF7B9081D7046152CBF774EF /* AsyncExecution.swift */; };
		CF7B942CE65746B261B40A5E /* DefaultCentralUi.swift in Sources */ = {isa = PBXBuildFile; fileRef = CF7B94A7DB3645DF3A3CB3F8 /* DefaultCentralUi.swift */; };
		CF7B944FF707A6C1ABF7FA76 /* AsyncExecutionControl.swift in Sources */ = {isa = PBXBuildFile; fileRef = CF7B9423E375F928156AA7B1 /* AsyncExecutionControl.swift */; };
		CF7B97B7B3BA3D280481957C /* AsyncHandler.swift in Sources */ = {isa = PBXBuildFile; fileRef = CF7B9C4B04E76BE9E18F6FD1 /* AsyncHandler.swift */; };
		CF7B99E80ECFF7AE837531EA /* CentralUi.swift in Sources */ = {isa = PBXBuildFile; fileRef = CF7B9CC97B296480396F71AD /* CentralUi.swift */; };
		CF7B9AD555C63328A5157059 /* UiTypes.swift in Sources */ = {isa = PBXBuildFile; fileRef = CF7B9A5B3B225B37561B4EA1 /* UiTypes.swift */; };
		CF7B9AFFEA90B93A9A8E5C25 /* UiBindings.swift in Sources */ = {isa = PBXBuildFile; fileRef = CF7B90F77D530F911B8CB956 /* UiBindings.swift */; };
		CF7B9C1E6635A62127DF92F5 /* AsyncWork.swift in Sources */ = {isa = PBXBuildFile; fileRef = CF7B9105549218D6127BBED9 /* AsyncWork.swift */; };
		CF7B9ED0519125DA23F55A34 /* Async.swift in Sources */ = {isa = PBXBuildFile; fileRef = CF7B933A7309F41B80D6065A /* Async.swift */; };
		EBE700072F09B4BBECCC6595 /* DefaultModuleStorage.swift in Sources */ = {isa = PBXBuildFile; fileRef = EBE70E5052840BE8E159A04A /* DefaultModuleStorage.swift */; };
		EBE7002D838A61A404A07A07 /* DatabaseStatement.swift in Sources */ = {isa = PBXBuildFile; fileRef = EBE70F9928717A85259C66F1 /* DatabaseStatement.swift */; };
		EBE70060ACB555FB877FAA0E /* DeclarationValue.swift in Sources */ = {isa = PBXBuildFile; fileRef = EBE70B8A67DBBAD23D9A077C /* DeclarationValue.swift */; };
		EBE7007343D0C75134E7D85C /* Threading.swift in Sources */ = {isa = PBXBuildFile; fileRef = EBE70FDE44360CB11B0F2D39 /* Threading.swift */; };
		EBE700C117ABE4BB9B62B848 /* UiMultipleElementContainer.swift in Sources */ = {isa = PBXBuildFile; fileRef = EBE7045FDA8C35F6C55E5E07 /* UiMultipleElementContainer.swift */; };
		EBE700E59DCCA9671B88713A /* CentralUiSideController.swift in Sources */ = {isa = PBXBuildFile; fileRef = EBE703A40A4B4050DC75865B /* CentralUiSideController.swift */; };
		EBE700F3FC86E0D178AAC7C3 /* MainMenuItemCell.xib in Resources */ = {isa = PBXBuildFile; fileRef = EBE706902484F10D17B64616 /* MainMenuItemCell.xib */; };
		EBE701237ED051202F216CE5 /* CentralUiDesign.swift in Sources */ = {isa = PBXBuildFile; fileRef = EBE70BC42F276614D2B9B0BD /* CentralUiDesign.swift */; };
		EBE701529640AD8B660E94A1 /* CentralUiAnimations.swift in Sources */ = {isa = PBXBuildFile; fileRef = EBE70F375318AA2084108B53 /* CentralUiAnimations.swift */; };
		EBE701B28E05EE911D0826AB /* FoundationExtensions.swift in Sources */ = {isa = PBXBuildFile; fileRef = EBE709234D6A9BAA81EF22F9 /* FoundationExtensions.swift */; };
		EBE70201FDF854B5C27D8087 /* DeclarationElement.swift in Sources */ = {isa = PBXBuildFile; fileRef = EBE705A7323F5528AF5947D4 /* DeclarationElement.swift */; };
		EBE70212B576D52909CB37C4 /* StorageError.swift in Sources */ = {isa = PBXBuildFile; fileRef = EBE7092A17351B8D7367AFD3 /* StorageError.swift */; };
		EBE70249B382C36AE3BB3531 /* UiHtml.swift in Sources */ = {isa = PBXBuildFile; fileRef = EBE707A3313F36B1EE212871 /* UiHtml.swift */; };
		EBE7026AD284655E8D846687 /* DefaultExecution.swift in Sources */ = {isa = PBXBuildFile; fileRef = EBE70A7E524BBF05B6BF925B /* DefaultExecution.swift */; };
		EBE702C6370C2C99C840A82F /* CloudImageView.swift in Sources */ = {isa = PBXBuildFile; fileRef = EBE70953ED6695560B2F482E /* CloudImageView.swift */; };
		EBE702D96616824BF5E289C5 /* DefaultMenuItem.swift in Sources */ = {isa = PBXBuildFile; fileRef = EBE701E56AECB6B6A05A92AF /* DefaultMenuItem.swift */; };
		EBE702EF41F8B4CA384FB278 /* CloudConnector.swift in Sources */ = {isa = PBXBuildFile; fileRef = EBE703E7C026668623B4EE38 /* CloudConnector.swift */; };
		EBE70320C174FEDA900D1D60 /* DatabaseExtentions.swift in Sources */ = {isa = PBXBuildFile; fileRef = EBE70356B40B026323DD0E71 /* DatabaseExtentions.swift */; };
		EBE70338A9CFBE871538918E /* CloudApiPrimitiveTypeConverter.swift in Sources */ = {isa = PBXBuildFile; fileRef = EBE70666E01B07ECE402F862 /* CloudApiPrimitiveTypeConverter.swift */; };
		EBE7033CD14626DA7656BF2A /* DependencyComponent.swift in Sources */ = {isa = PBXBuildFile; fileRef = EBE708A2C28BBFD77B3FFCA1 /* DependencyComponent.swift */; };
		EBE703670D45E0BF671B2DF8 /* MainMenu.storyboard in Resources */ = {isa = PBXBuildFile; fileRef = EBE700FAF79E52F3A083D28F /* MainMenu.storyboard */; };
		EBE7041AF9F4763ECC394E02 /* DefaultDatabaseReader.swift in Sources */ = {isa = PBXBuildFile; fileRef = EBE70BA5C939812F8F0DC053 /* DefaultDatabaseReader.swift */; };
		EBE70457624697DA21BF96F5 /* DatabaseMaintenance.swift in Sources */ = {isa = PBXBuildFile; fileRef = EBE7029D3005280707E4993F /* DatabaseMaintenance.swift */; };
		EBE704763F59FB842D8A6A98 /* CloudApiParameterValue.swift in Sources */ = {isa = PBXBuildFile; fileRef = EBE7065F25809655D1E07F1C /* CloudApiParameterValue.swift */; };
		EBE704911BF1217900E191AE /* DatabaseUpdateStatement.swift in Sources */ = {isa = PBXBuildFile; fileRef = EBE701FE8C58D7F31C419A04 /* DatabaseUpdateStatement.swift */; };
		EBE704CFE8EE60406574849C /* Execution.swift in Sources */ = {isa = PBXBuildFile; fileRef = EBE706DC9AFDD27FD5492706 /* Execution.swift */; };
		EBE7051CCAFC32438AF0C153 /* DefaultExecutionQueue.swift in Sources */ = {isa = PBXBuildFile; fileRef = EBE709C0D6F6AF799E7E4073 /* DefaultExecutionQueue.swift */; };
		EBE705377C12925F3EE3C831 /* UiText.swift in Sources */ = {isa = PBXBuildFile; fileRef = EBE70ED1A5DBD9F5451C1DFC /* UiText.swift */; };
		EBE7055EC44F98DAD089E86C /* StorageDatabase.swift in Sources */ = {isa = PBXBuildFile; fileRef = EBE706EED44A86BD8D879292 /* StorageDatabase.swift */; };
		EBE705689581C265E85A099A /* DefaultDependencyResolver.swift in Sources */ = {isa = PBXBuildFile; fileRef = EBE70B41593464D7D2DA98A3 /* DefaultDependencyResolver.swift */; };
		EBE7057C66B8E91189B487F4 /* UiContentElement.swift in Sources */ = {isa = PBXBuildFile; fileRef = EBE70665890D183D0DB1CB15 /* UiContentElement.swift */; };
		EBE705822C9EA1B9EE49C2D5 /* DefaultStorageDatabase.swift in Sources */ = {isa = PBXBuildFile; fileRef = EBE7075A6ECAD3FCF686A9A1 /* DefaultStorageDatabase.swift */; };
		EBE7059D2F53686E598FE976 /* ModuleStorage.swift in Sources */ = {isa = PBXBuildFile; fileRef = EBE70B2E85E2039F7E31084E /* ModuleStorage.swift */; };
		EBE7059D4F15A712756C8BAC /* DefaultDatabaseStatement.swift in Sources */ = {isa = PBXBuildFile; fileRef = EBE7082F2E85872723EFC45F /* DefaultDatabaseStatement.swift */; };
		EBE705C3D6290850C5C2935E /* CloudApiFieldConverter.swift in Sources */ = {isa = PBXBuildFile; fileRef = EBE70FFEC08C41AA8ED50BD0 /* CloudApiFieldConverter.swift */; };
		EBE705C98AEDE588183D39FD /* UnifiedRepository.uni in Resources */ = {isa = PBXBuildFile; fileRef = EBE707DA6CD54EB21CCD061A /* UnifiedRepository.uni */; };
		EBE7061914FA48E5D8202BB5 /* ApplicationStorage.swift in Sources */ = {isa = PBXBuildFile; fileRef = EBE70E0F55B961A031AE2182 /* ApplicationStorage.swift */; };
		EBE7062F4B36A7AEB5D2EA79 /* DefaultExecutionControl.swift in Sources */ = {isa = PBXBuildFile; fileRef = EBE7098F8C18D44E4CFE8637 /* DefaultExecutionControl.swift */; };
		EBE7066C5440BB4C0952371F /* SpinLock.swift in Sources */ = {isa = PBXBuildFile; fileRef = EBE70DB4BCA926D6ACDEA101 /* SpinLock.swift */; };
		EBE706BCAD9C45145A6D7C1F /* DefaultApplicationStorage.swift in Sources */ = {isa = PBXBuildFile; fileRef = EBE705364AC143A10CD19587 /* DefaultApplicationStorage.swift */; };
		EBE707091043CA8D70632B74 /* Ui.swift in Sources */ = {isa = PBXBuildFile; fileRef = EBE702CDA10E2B4457EE5A5D /* Ui.swift */; };
		EBE7078C56954D55502DCE7D /* AlertStack.swift in Sources */ = {isa = PBXBuildFile; fileRef = EBE708F12FC630E6A85F0E02 /* AlertStack.swift */; };
		EBE707AA3D7497446F59A240 /* DefaultDatabaseUpdateStatement.swift in Sources */ = {isa = PBXBuildFile; fileRef = EBE70ABD64EFE4452C8AAEC7 /* DefaultDatabaseUpdateStatement.swift */; };
		EBE707E148DDF3536092AE74 /* DefaultDatabaseSelectStatement.swift in Sources */ = {isa = PBXBuildFile; fileRef = EBE70629FB414EF51EA119FE /* DefaultDatabaseSelectStatement.swift */; };
		EBE708228E6427FD222CEF07 /* DependencyResolver.swift in Sources */ = {isa = PBXBuildFile; fileRef = EBE701EFD2ACE35D677632A4 /* DependencyResolver.swift */; };
		EBE70875FF16B82F33B420EC /* UnifiedComponents.swift in Sources */ = {isa = PBXBuildFile; fileRef = EBE7036A83E27CD39A301A8E /* UnifiedComponents.swift */; };
		EBE708948EC39D713C61A585 /* DefaultThreading.swift in Sources */ = {isa = PBXBuildFile; fileRef = EBE7068B2C60B58887EB06E3 /* DefaultThreading.swift */; };
		EBE708D8FC4E4B9990270C96 /* ExecutionControl.swift in Sources */ = {isa = PBXBuildFile; fileRef = EBE7080D75C289307DC3E50F /* ExecutionControl.swift */; };
		EBE7095253FD9912C784D480 /* JsonParser.swift in Sources */ = {isa = PBXBuildFile; fileRef = EBE701A89D442FCEF2E00FF2 /* JsonParser.swift */; };
		EBE709A9E92361386F3DFEBA /* DatabaseReader.swift in Sources */ = {isa = PBXBuildFile; fileRef = EBE70474138A6D547C2D7DCF /* DatabaseReader.swift */; };
		EBE709B77A7DADE5FE9B979E /* SingleExecution.swift in Sources */ = {isa = PBXBuildFile; fileRef = EBE70DA201D814BFEA8891F3 /* SingleExecution.swift */; };
		EBE709D47EE0A00A58B457A4 /* UiHorizontalContainer.swift in Sources */ = {isa = PBXBuildFile; fileRef = EBE709CE357EBB555814FBE9 /* UiHorizontalContainer.swift */; };
		EBE70A4A2F4F5301F6E4B2EB /* DefaultCloudFilesCache.swift in Sources */ = {isa = PBXBuildFile; fileRef = EBE70DF593B0DF99F6692282 /* DefaultCloudFilesCache.swift */; };
		EBE70A5ABA46864D8B70FB6A /* Component.swift in Sources */ = {isa = PBXBuildFile; fileRef = EBE70385F01193484AE4EC1E /* Component.swift */; };
		EBE70ABD17AB4A68A974C452 /* UiSingleElementContainer.swift in Sources */ = {isa = PBXBuildFile; fileRef = EBE7085BDCF91DB1E0F99256 /* UiSingleElementContainer.swift */; };
		EBE70B177A373F633FA7D6AD /* UIKitExtensions.swift in Sources */ = {isa = PBXBuildFile; fileRef = EBE70D95BA2D4AAF2F5B3A19 /* UIKitExtensions.swift */; };
		EBE70B1DA9570E3EFFA677FC /* DefaultCloudFile.swift in Sources */ = {isa = PBXBuildFile; fileRef = EBE70457BDF24AFA80836BFE /* DefaultCloudFile.swift */; };
		EBE70B37FBD72EF6CB48A385 /* UiView.swift in Sources */ = {isa = PBXBuildFile; fileRef = EBE707CEDE6008ECC990AE89 /* UiView.swift */; };
		EBE70B6129B17D913BD78EFB /* UiStackContainer.swift in Sources */ = {isa = PBXBuildFile; fileRef = EBE70AF832808A571C755380 /* UiStackContainer.swift */; };
		EBE70BEF25E005D3DD9D1335 /* DefaultRepository.swift in Sources */ = {isa = PBXBuildFile; fileRef = EBE7062A18972A57DF2E1AAA /* DefaultRepository.swift */; };
		EBE70C38B13CC6D07569A357 /* UiElement.swift in Sources */ = {isa = PBXBuildFile; fileRef = EBE70357E7CD76C4D431BCF0 /* UiElement.swift */; };
		EBE70C3D900DC74F54BC375F /* Executor.swift in Sources */ = {isa = PBXBuildFile; fileRef = EBE702F7444B2E6C58000576 /* Executor.swift */; };
		EBE70CAEBA7E9F9D6CEEB2AE /* UiLayeredContainer.swift in Sources */ = {isa = PBXBuildFile; fileRef = EBE707EDD2D93E2F78E8E49D /* UiLayeredContainer.swift */; };
		EBE70CD1B34186056B70B566 /* CloudApiStructConverter.swift in Sources */ = {isa = PBXBuildFile; fileRef = EBE70CC8D28B65361DBC2E1A /* CloudApiStructConverter.swift */; };
		EBE70D26F1B9322285F1C000 /* LabelBack.swift in Sources */ = {isa = PBXBuildFile; fileRef = EBE70062EA761AEA16D51FAB /* LabelBack.swift */; };
		EBE70D5C9C98457FE29CD663 /* DefaultCloudConnector.swift in Sources */ = {isa = PBXBuildFile; fileRef = EBE70C08AEB49A18B31E2B8F /* DefaultCloudConnector.swift */; };
		EBE70DB6E325C20402502DC1 /* Repository.swift in Sources */ = {isa = PBXBuildFile; fileRef = EBE700B83AC86CBE7C6D92E1 /* Repository.swift */; };
		EBE70DB6F76982C10412CE8C /* CentralUiRootController.swift in Sources */ = {isa = PBXBuildFile; fileRef = EBE70D89E912FAF5351B4D4A /* CentralUiRootController.swift */; };
		EBE70E4187E90A5C2F0ED076 /* ExecutionQueue.swift in Sources */ = {isa = PBXBuildFile; fileRef = EBE70C32A75478762B9607BB /* ExecutionQueue.swift */; };
		EBE70E4D483E658D84B250E9 /* ListenerList.swift in Sources */ = {isa = PBXBuildFile; fileRef = EBE709532FF9B3E725672E1A /* ListenerList.swift */; };
		EBE70E881B4B8CD4B02924C0 /* DatabaseSelectStatement.swift in Sources */ = {isa = PBXBuildFile; fileRef = EBE705E175093C8F487B29DD /* DatabaseSelectStatement.swift */; };
		EBE70E8B9F6B94A0A46317CB /* StringHashes.swift in Sources */ = {isa = PBXBuildFile; fileRef = EBE70A470E0C06AAC6B7BCBE /* StringHashes.swift */; };
		EBE70E92567230A18823755D /* UiVerticalContainer.swift in Sources */ = {isa = PBXBuildFile; fileRef = EBE70BABDFD129AA518DD8F1 /* UiVerticalContainer.swift */; };
		EBE70F8854BF296647D9F118 /* SortedTableSync.swift in Sources */ = {isa = PBXBuildFile; fileRef = EBE701B46FD34928AD11DC90 /* SortedTableSync.swift */; };
		EBE70FC58B0887EAB6A1FFA5 /* MainMenuItemCell.swift in Sources */ = {isa = PBXBuildFile; fileRef = EBE70338F66CF20B89141F5E /* MainMenuItemCell.swift */; };
		EBE70FE2642E5228ED278A3E /* CloudError.swift in Sources */ = {isa = PBXBuildFile; fileRef = EBE7074F75EB3AB3B2791ECD /* CloudError.swift */; };
		EBE70FE515F2D01B87396A67 /* UiLayoutCache.swift in Sources */ = {isa = PBXBuildFile; fileRef = EBE7016326DCBA0EBEC34911 /* UiLayoutCache.swift */; };
/* End PBXBuildFile section */

/* Begin PBXFileReference section */
		2908A8BA1D2E2B5D00CB1D19 /* CentralUi.xcassets */ = {isa = PBXFileReference; lastKnownFileType = folder.assetcatalog; path = CentralUi.xcassets; sourceTree = "<group>"; };
		29269C8C1D0FB98000135FF8 /* Unified.framework */ = {isa = PBXFileReference; explicitFileType = wrapper.framework; includeInIndex = 0; path = Unified.framework; sourceTree = BUILT_PRODUCTS_DIR; };
		29269C8F1D0FB98000135FF8 /* Unified.h */ = {isa = PBXFileReference; lastKnownFileType = sourcecode.c.h; path = Unified.h; sourceTree = "<group>"; };
		29269C911D0FB98000135FF8 /* Info.plist */ = {isa = PBXFileReference; lastKnownFileType = text.plist.xml; path = Info.plist; sourceTree = "<group>"; };
		CF7B9081D7046152CBF774EF /* AsyncExecution.swift */ = {isa = PBXFileReference; fileEncoding = 4; lastKnownFileType = sourcecode.swift; path = AsyncExecution.swift; sourceTree = "<group>"; };
		CF7B90F77D530F911B8CB956 /* UiBindings.swift */ = {isa = PBXFileReference; fileEncoding = 4; lastKnownFileType = sourcecode.swift; path = UiBindings.swift; sourceTree = "<group>"; };
		CF7B9105549218D6127BBED9 /* AsyncWork.swift */ = {isa = PBXFileReference; fileEncoding = 4; lastKnownFileType = sourcecode.swift; path = AsyncWork.swift; sourceTree = "<group>"; };
		CF7B933A7309F41B80D6065A /* Async.swift */ = {isa = PBXFileReference; fileEncoding = 4; lastKnownFileType = sourcecode.swift; path = Async.swift; sourceTree = "<group>"; };
		CF7B9423E375F928156AA7B1 /* AsyncExecutionControl.swift */ = {isa = PBXFileReference; fileEncoding = 4; lastKnownFileType = sourcecode.swift; path = AsyncExecutionControl.swift; sourceTree = "<group>"; };
		CF7B94A7DB3645DF3A3CB3F8 /* DefaultCentralUi.swift */ = {isa = PBXFileReference; fileEncoding = 4; lastKnownFileType = sourcecode.swift; path = DefaultCentralUi.swift; sourceTree = "<group>"; };
		CF7B9A5B3B225B37561B4EA1 /* UiTypes.swift */ = {isa = PBXFileReference; fileEncoding = 4; lastKnownFileType = sourcecode.swift; path = UiTypes.swift; sourceTree = "<group>"; };
		CF7B9C4B04E76BE9E18F6FD1 /* AsyncHandler.swift */ = {isa = PBXFileReference; fileEncoding = 4; lastKnownFileType = sourcecode.swift; path = AsyncHandler.swift; sourceTree = "<group>"; };
		CF7B9CC97B296480396F71AD /* CentralUi.swift */ = {isa = PBXFileReference; fileEncoding = 4; lastKnownFileType = sourcecode.swift; path = CentralUi.swift; sourceTree = "<group>"; };
		EBE70062EA761AEA16D51FAB /* LabelBack.swift */ = {isa = PBXFileReference; fileEncoding = 4; lastKnownFileType = sourcecode.swift; path = LabelBack.swift; sourceTree = "<group>"; };
		EBE700B83AC86CBE7C6D92E1 /* Repository.swift */ = {isa = PBXFileReference; fileEncoding = 4; lastKnownFileType = sourcecode.swift; path = Repository.swift; sourceTree = "<group>"; };
		EBE700FAF79E52F3A083D28F /* MainMenu.storyboard */ = {isa = PBXFileReference; lastKnownFileType = file.storyboard; path = MainMenu.storyboard; sourceTree = "<group>"; };
		EBE7016326DCBA0EBEC34911 /* UiLayoutCache.swift */ = {isa = PBXFileReference; fileEncoding = 4; lastKnownFileType = sourcecode.swift; path = UiLayoutCache.swift; sourceTree = "<group>"; };
		EBE701A89D442FCEF2E00FF2 /* JsonParser.swift */ = {isa = PBXFileReference; fileEncoding = 4; lastKnownFileType = sourcecode.swift; path = JsonParser.swift; sourceTree = "<group>"; };
		EBE701B46FD34928AD11DC90 /* SortedTableSync.swift */ = {isa = PBXFileReference; fileEncoding = 4; lastKnownFileType = sourcecode.swift; path = SortedTableSync.swift; sourceTree = "<group>"; };
		EBE701E56AECB6B6A05A92AF /* DefaultMenuItem.swift */ = {isa = PBXFileReference; fileEncoding = 4; lastKnownFileType = sourcecode.swift; path = DefaultMenuItem.swift; sourceTree = "<group>"; };
		EBE701EFD2ACE35D677632A4 /* DependencyResolver.swift */ = {isa = PBXFileReference; fileEncoding = 4; lastKnownFileType = sourcecode.swift; path = DependencyResolver.swift; sourceTree = "<group>"; };
		EBE701FE8C58D7F31C419A04 /* DatabaseUpdateStatement.swift */ = {isa = PBXFileReference; fileEncoding = 4; lastKnownFileType = sourcecode.swift; path = DatabaseUpdateStatement.swift; sourceTree = "<group>"; };
		EBE7029D3005280707E4993F /* DatabaseMaintenance.swift */ = {isa = PBXFileReference; fileEncoding = 4; lastKnownFileType = sourcecode.swift; path = DatabaseMaintenance.swift; sourceTree = "<group>"; };
		EBE702CDA10E2B4457EE5A5D /* Ui.swift */ = {isa = PBXFileReference; fileEncoding = 4; lastKnownFileType = sourcecode.swift; path = Ui.swift; sourceTree = "<group>"; };
		EBE702F7444B2E6C58000576 /* Executor.swift */ = {isa = PBXFileReference; fileEncoding = 4; lastKnownFileType = sourcecode.swift; path = Executor.swift; sourceTree = "<group>"; };
		EBE70338F66CF20B89141F5E /* MainMenuItemCell.swift */ = {isa = PBXFileReference; fileEncoding = 4; lastKnownFileType = sourcecode.swift; path = MainMenuItemCell.swift; sourceTree = "<group>"; };
		EBE70356B40B026323DD0E71 /* DatabaseExtentions.swift */ = {isa = PBXFileReference; fileEncoding = 4; lastKnownFileType = sourcecode.swift; path = DatabaseExtentions.swift; sourceTree = "<group>"; };
		EBE70357E7CD76C4D431BCF0 /* UiElement.swift */ = {isa = PBXFileReference; fileEncoding = 4; lastKnownFileType = sourcecode.swift; path = UiElement.swift; sourceTree = "<group>"; };
		EBE7036A83E27CD39A301A8E /* UnifiedComponents.swift */ = {isa = PBXFileReference; fileEncoding = 4; lastKnownFileType = sourcecode.swift; path = UnifiedComponents.swift; sourceTree = "<group>"; };
		EBE70385F01193484AE4EC1E /* Component.swift */ = {isa = PBXFileReference; fileEncoding = 4; lastKnownFileType = sourcecode.swift; path = Component.swift; sourceTree = "<group>"; };
		EBE703A40A4B4050DC75865B /* CentralUiSideController.swift */ = {isa = PBXFileReference; fileEncoding = 4; lastKnownFileType = sourcecode.swift; path = CentralUiSideController.swift; sourceTree = "<group>"; };
		EBE703E7C026668623B4EE38 /* CloudConnector.swift */ = {isa = PBXFileReference; fileEncoding = 4; lastKnownFileType = sourcecode.swift; path = CloudConnector.swift; sourceTree = "<group>"; };
		EBE70457BDF24AFA80836BFE /* DefaultCloudFile.swift */ = {isa = PBXFileReference; fileEncoding = 4; lastKnownFileType = sourcecode.swift; path = DefaultCloudFile.swift; sourceTree = "<group>"; };
		EBE7045FDA8C35F6C55E5E07 /* UiMultipleElementContainer.swift */ = {isa = PBXFileReference; fileEncoding = 4; lastKnownFileType = sourcecode.swift; path = UiMultipleElementContainer.swift; sourceTree = "<group>"; };
		EBE70474138A6D547C2D7DCF /* DatabaseReader.swift */ = {isa = PBXFileReference; fileEncoding = 4; lastKnownFileType = sourcecode.swift; path = DatabaseReader.swift; sourceTree = "<group>"; };
		EBE705364AC143A10CD19587 /* DefaultApplicationStorage.swift */ = {isa = PBXFileReference; fileEncoding = 4; lastKnownFileType = sourcecode.swift; path = DefaultApplicationStorage.swift; sourceTree = "<group>"; };
		EBE705A7323F5528AF5947D4 /* DeclarationElement.swift */ = {isa = PBXFileReference; fileEncoding = 4; lastKnownFileType = sourcecode.swift; path = DeclarationElement.swift; sourceTree = "<group>"; };
		EBE705E175093C8F487B29DD /* DatabaseSelectStatement.swift */ = {isa = PBXFileReference; fileEncoding = 4; lastKnownFileType = sourcecode.swift; path = DatabaseSelectStatement.swift; sourceTree = "<group>"; };
		EBE70629FB414EF51EA119FE /* DefaultDatabaseSelectStatement.swift */ = {isa = PBXFileReference; fileEncoding = 4; lastKnownFileType = sourcecode.swift; path = DefaultDatabaseSelectStatement.swift; sourceTree = "<group>"; };
		EBE7062A18972A57DF2E1AAA /* DefaultRepository.swift */ = {isa = PBXFileReference; fileEncoding = 4; lastKnownFileType = sourcecode.swift; path = DefaultRepository.swift; sourceTree = "<group>"; };
		EBE7065F25809655D1E07F1C /* CloudApiParameterValue.swift */ = {isa = PBXFileReference; fileEncoding = 4; lastKnownFileType = sourcecode.swift; path = CloudApiParameterValue.swift; sourceTree = "<group>"; };
		EBE70665890D183D0DB1CB15 /* UiContentElement.swift */ = {isa = PBXFileReference; fileEncoding = 4; lastKnownFileType = sourcecode.swift; path = UiContentElement.swift; sourceTree = "<group>"; };
		EBE70666E01B07ECE402F862 /* CloudApiPrimitiveTypeConverter.swift */ = {isa = PBXFileReference; fileEncoding = 4; lastKnownFileType = sourcecode.swift; path = CloudApiPrimitiveTypeConverter.swift; sourceTree = "<group>"; };
		EBE7068B2C60B58887EB06E3 /* DefaultThreading.swift */ = {isa = PBXFileReference; fileEncoding = 4; lastKnownFileType = sourcecode.swift; path = DefaultThreading.swift; sourceTree = "<group>"; };
		EBE706902484F10D17B64616 /* MainMenuItemCell.xib */ = {isa = PBXFileReference; lastKnownFileType = file.xib; path = MainMenuItemCell.xib; sourceTree = "<group>"; };
		EBE706DC9AFDD27FD5492706 /* Execution.swift */ = {isa = PBXFileReference; fileEncoding = 4; lastKnownFileType = sourcecode.swift; path = Execution.swift; sourceTree = "<group>"; };
		EBE706EED44A86BD8D879292 /* StorageDatabase.swift */ = {isa = PBXFileReference; fileEncoding = 4; lastKnownFileType = sourcecode.swift; path = StorageDatabase.swift; sourceTree = "<group>"; };
		EBE7074F75EB3AB3B2791ECD /* CloudError.swift */ = {isa = PBXFileReference; fileEncoding = 4; lastKnownFileType = sourcecode.swift; path = CloudError.swift; sourceTree = "<group>"; };
		EBE7075A6ECAD3FCF686A9A1 /* DefaultStorageDatabase.swift */ = {isa = PBXFileReference; fileEncoding = 4; lastKnownFileType = sourcecode.swift; path = DefaultStorageDatabase.swift; sourceTree = "<group>"; };
		EBE707A3313F36B1EE212871 /* UiHtml.swift */ = {isa = PBXFileReference; fileEncoding = 4; lastKnownFileType = sourcecode.swift; path = UiHtml.swift; sourceTree = "<group>"; };
		EBE707CEDE6008ECC990AE89 /* UiView.swift */ = {isa = PBXFileReference; fileEncoding = 4; lastKnownFileType = sourcecode.swift; path = UiView.swift; sourceTree = "<group>"; };
		EBE707DA6CD54EB21CCD061A /* UnifiedRepository.uni */ = {isa = PBXFileReference; lastKnownFileType = file.uni; path = UnifiedRepository.uni; sourceTree = "<group>"; };
		EBE707EDD2D93E2F78E8E49D /* UiLayeredContainer.swift */ = {isa = PBXFileReference; fileEncoding = 4; lastKnownFileType = sourcecode.swift; path = UiLayeredContainer.swift; sourceTree = "<group>"; };
		EBE7080D75C289307DC3E50F /* ExecutionControl.swift */ = {isa = PBXFileReference; fileEncoding = 4; lastKnownFileType = sourcecode.swift; path = ExecutionControl.swift; sourceTree = "<group>"; };
		EBE7082F2E85872723EFC45F /* DefaultDatabaseStatement.swift */ = {isa = PBXFileReference; fileEncoding = 4; lastKnownFileType = sourcecode.swift; path = DefaultDatabaseStatement.swift; sourceTree = "<group>"; };
		EBE7085BDCF91DB1E0F99256 /* UiSingleElementContainer.swift */ = {isa = PBXFileReference; fileEncoding = 4; lastKnownFileType = sourcecode.swift; path = UiSingleElementContainer.swift; sourceTree = "<group>"; };
		EBE708A2C28BBFD77B3FFCA1 /* DependencyComponent.swift */ = {isa = PBXFileReference; fileEncoding = 4; lastKnownFileType = sourcecode.swift; path = DependencyComponent.swift; sourceTree = "<group>"; };
		EBE708F12FC630E6A85F0E02 /* AlertStack.swift */ = {isa = PBXFileReference; fileEncoding = 4; lastKnownFileType = sourcecode.swift; path = AlertStack.swift; sourceTree = "<group>"; };
		EBE709234D6A9BAA81EF22F9 /* FoundationExtensions.swift */ = {isa = PBXFileReference; fileEncoding = 4; lastKnownFileType = sourcecode.swift; path = FoundationExtensions.swift; sourceTree = "<group>"; };
		EBE7092A17351B8D7367AFD3 /* StorageError.swift */ = {isa = PBXFileReference; fileEncoding = 4; lastKnownFileType = sourcecode.swift; path = StorageError.swift; sourceTree = "<group>"; };
		EBE709532FF9B3E725672E1A /* ListenerList.swift */ = {isa = PBXFileReference; fileEncoding = 4; lastKnownFileType = sourcecode.swift; path = ListenerList.swift; sourceTree = "<group>"; };
		EBE70953ED6695560B2F482E /* CloudImageView.swift */ = {isa = PBXFileReference; fileEncoding = 4; lastKnownFileType = sourcecode.swift; path = CloudImageView.swift; sourceTree = "<group>"; };
		EBE7098F8C18D44E4CFE8637 /* DefaultExecutionControl.swift */ = {isa = PBXFileReference; fileEncoding = 4; lastKnownFileType = sourcecode.swift; path = DefaultExecutionControl.swift; sourceTree = "<group>"; };
		EBE709C0D6F6AF799E7E4073 /* DefaultExecutionQueue.swift */ = {isa = PBXFileReference; fileEncoding = 4; lastKnownFileType = sourcecode.swift; path = DefaultExecutionQueue.swift; sourceTree = "<group>"; };
		EBE709CE357EBB555814FBE9 /* UiHorizontalContainer.swift */ = {isa = PBXFileReference; fileEncoding = 4; lastKnownFileType = sourcecode.swift; path = UiHorizontalContainer.swift; sourceTree = "<group>"; };
		EBE70A470E0C06AAC6B7BCBE /* StringHashes.swift */ = {isa = PBXFileReference; fileEncoding = 4; lastKnownFileType = sourcecode.swift; path = StringHashes.swift; sourceTree = "<group>"; };
		EBE70A7E524BBF05B6BF925B /* DefaultExecution.swift */ = {isa = PBXFileReference; fileEncoding = 4; lastKnownFileType = sourcecode.swift; path = DefaultExecution.swift; sourceTree = "<group>"; };
		EBE70ABD64EFE4452C8AAEC7 /* DefaultDatabaseUpdateStatement.swift */ = {isa = PBXFileReference; fileEncoding = 4; lastKnownFileType = sourcecode.swift; path = DefaultDatabaseUpdateStatement.swift; sourceTree = "<group>"; };
		EBE70AF832808A571C755380 /* UiStackContainer.swift */ = {isa = PBXFileReference; fileEncoding = 4; lastKnownFileType = sourcecode.swift; path = UiStackContainer.swift; sourceTree = "<group>"; };
		EBE70B2E85E2039F7E31084E /* ModuleStorage.swift */ = {isa = PBXFileReference; fileEncoding = 4; lastKnownFileType = sourcecode.swift; path = ModuleStorage.swift; sourceTree = "<group>"; };
		EBE70B41593464D7D2DA98A3 /* DefaultDependencyResolver.swift */ = {isa = PBXFileReference; fileEncoding = 4; lastKnownFileType = sourcecode.swift; path = DefaultDependencyResolver.swift; sourceTree = "<group>"; };
		EBE70B8A67DBBAD23D9A077C /* DeclarationValue.swift */ = {isa = PBXFileReference; fileEncoding = 4; lastKnownFileType = sourcecode.swift; path = DeclarationValue.swift; sourceTree = "<group>"; };
		EBE70BA5C939812F8F0DC053 /* DefaultDatabaseReader.swift */ = {isa = PBXFileReference; fileEncoding = 4; lastKnownFileType = sourcecode.swift; path = DefaultDatabaseReader.swift; sourceTree = "<group>"; };
		EBE70BABDFD129AA518DD8F1 /* UiVerticalContainer.swift */ = {isa = PBXFileReference; fileEncoding = 4; lastKnownFileType = sourcecode.swift; path = UiVerticalContainer.swift; sourceTree = "<group>"; };
		EBE70BC42F276614D2B9B0BD /* CentralUiDesign.swift */ = {isa = PBXFileReference; fileEncoding = 4; lastKnownFileType = sourcecode.swift; path = CentralUiDesign.swift; sourceTree = "<group>"; };
		EBE70C08AEB49A18B31E2B8F /* DefaultCloudConnector.swift */ = {isa = PBXFileReference; fileEncoding = 4; lastKnownFileType = sourcecode.swift; path = DefaultCloudConnector.swift; sourceTree = "<group>"; };
		EBE70C32A75478762B9607BB /* ExecutionQueue.swift */ = {isa = PBXFileReference; fileEncoding = 4; lastKnownFileType = sourcecode.swift; path = ExecutionQueue.swift; sourceTree = "<group>"; };
		EBE70CC8D28B65361DBC2E1A /* CloudApiStructConverter.swift */ = {isa = PBXFileReference; fileEncoding = 4; lastKnownFileType = sourcecode.swift; path = CloudApiStructConverter.swift; sourceTree = "<group>"; };
		EBE70D89E912FAF5351B4D4A /* CentralUiRootController.swift */ = {isa = PBXFileReference; fileEncoding = 4; lastKnownFileType = sourcecode.swift; path = CentralUiRootController.swift; sourceTree = "<group>"; };
		EBE70D95BA2D4AAF2F5B3A19 /* UIKitExtensions.swift */ = {isa = PBXFileReference; fileEncoding = 4; lastKnownFileType = sourcecode.swift; path = UIKitExtensions.swift; sourceTree = "<group>"; };
		EBE70DA201D814BFEA8891F3 /* SingleExecution.swift */ = {isa = PBXFileReference; fileEncoding = 4; lastKnownFileType = sourcecode.swift; path = SingleExecution.swift; sourceTree = "<group>"; };
		EBE70DB4BCA926D6ACDEA101 /* SpinLock.swift */ = {isa = PBXFileReference; fileEncoding = 4; lastKnownFileType = sourcecode.swift; path = SpinLock.swift; sourceTree = "<group>"; };
		EBE70DF593B0DF99F6692282 /* DefaultCloudFilesCache.swift */ = {isa = PBXFileReference; fileEncoding = 4; lastKnownFileType = sourcecode.swift; path = DefaultCloudFilesCache.swift; sourceTree = "<group>"; };
		EBE70E0F55B961A031AE2182 /* ApplicationStorage.swift */ = {isa = PBXFileReference; fileEncoding = 4; lastKnownFileType = sourcecode.swift; path = ApplicationStorage.swift; sourceTree = "<group>"; };
		EBE70E5052840BE8E159A04A /* DefaultModuleStorage.swift */ = {isa = PBXFileReference; fileEncoding = 4; lastKnownFileType = sourcecode.swift; path = DefaultModuleStorage.swift; sourceTree = "<group>"; };
		EBE70ED1A5DBD9F5451C1DFC /* UiText.swift */ = {isa = PBXFileReference; fileEncoding = 4; lastKnownFileType = sourcecode.swift; path = UiText.swift; sourceTree = "<group>"; };
		EBE70F375318AA2084108B53 /* CentralUiAnimations.swift */ = {isa = PBXFileReference; fileEncoding = 4; lastKnownFileType = sourcecode.swift; path = CentralUiAnimations.swift; sourceTree = "<group>"; };
		EBE70F9928717A85259C66F1 /* DatabaseStatement.swift */ = {isa = PBXFileReference; fileEncoding = 4; lastKnownFileType = sourcecode.swift; path = DatabaseStatement.swift; sourceTree = "<group>"; };
		EBE70FDE44360CB11B0F2D39 /* Threading.swift */ = {isa = PBXFileReference; fileEncoding = 4; lastKnownFileType = sourcecode.swift; path = Threading.swift; sourceTree = "<group>"; };
		EBE70FFEC08C41AA8ED50BD0 /* CloudApiFieldConverter.swift */ = {isa = PBXFileReference; fileEncoding = 4; lastKnownFileType = sourcecode.swift; path = CloudApiFieldConverter.swift; sourceTree = "<group>"; };
/* End PBXFileReference section */

/* Begin PBXFrameworksBuildPhase section */
		29269C881D0FB98000135FF8 /* Frameworks */ = {
			isa = PBXFrameworksBuildPhase;
			buildActionMask = 2147483647;
			files = (
			);
			runOnlyForDeploymentPostprocessing = 0;
		};
/* End PBXFrameworksBuildPhase section */

/* Begin PBXGroup section */
		29269C821D0FB98000135FF8 = {
			isa = PBXGroup;
			children = (
				29269C8E1D0FB98000135FF8 /* Unified */,
				29269C8D1D0FB98000135FF8 /* Products */,
			);
			sourceTree = "<group>";
		};
		29269C8D1D0FB98000135FF8 /* Products */ = {
			isa = PBXGroup;
			children = (
				29269C8C1D0FB98000135FF8 /* Unified.framework */,
			);
			name = Products;
			sourceTree = "<group>";
		};
		29269C8E1D0FB98000135FF8 /* Unified */ = {
			isa = PBXGroup;
			children = (
				29269C8F1D0FB98000135FF8 /* Unified.h */,
				29269C911D0FB98000135FF8 /* Info.plist */,
				EBE70CC77762A418003644BC /* Implementation */,
				EBE70465DD24A44B7BDF9930 /* Interfaces */,
				EBE7089D100D44C783D19D11 /* Library */,
				EBE7036A83E27CD39A301A8E /* UnifiedComponents.swift */,
				EBE707DA6CD54EB21CCD061A /* UnifiedRepository.uni */,
			);
			path = Unified;
			sourceTree = "<group>";
		};
		CF7B910262E86F37C4E1213E /* Bindings */ = {
			isa = PBXGroup;
			children = (
				CF7B90F77D530F911B8CB956 /* UiBindings.swift */,
			);
			path = Bindings;
			sourceTree = "<group>";
		};
		CF7B953125B1C3E7F961251A /* Ui */ = {
			isa = PBXGroup;
			children = (
				CF7B9CC97B296480396F71AD /* CentralUi.swift */,
			);
			path = Ui;
			sourceTree = "<group>";
		};
		CF7B9A92F92147FDCF1DB67D /* Ui */ = {
			isa = PBXGroup;
			children = (
				CF7B94A7DB3645DF3A3CB3F8 /* DefaultCentralUi.swift */,
				EBE70F6F5F121D59D7DA3C5D /* CentralUi */,
			);
			path = Ui;
			sourceTree = "<group>";
		};
		EBE7002B0579D623C4E16A0D /* Dependency */ = {
			isa = PBXGroup;
			children = (
				EBE70B41593464D7D2DA98A3 /* DefaultDependencyResolver.swift */,
			);
			path = Dependency;
			sourceTree = "<group>";
		};
		EBE7006D34A6904F550720D6 /* Dependency */ = {
			isa = PBXGroup;
			children = (
				EBE70385F01193484AE4EC1E /* Component.swift */,
				EBE701EFD2ACE35D677632A4 /* DependencyResolver.swift */,
				EBE708A2C28BBFD77B3FFCA1 /* DependencyComponent.swift */,
			);
			path = Dependency;
			sourceTree = "<group>";
		};
		EBE700A47ACF613E9C35912E /* Threading */ = {
			isa = PBXGroup;
			children = (
				EBE702F7444B2E6C58000576 /* Executor.swift */,
				EBE706DC9AFDD27FD5492706 /* Execution.swift */,
				EBE70FDE44360CB11B0F2D39 /* Threading.swift */,
				EBE70C32A75478762B9607BB /* ExecutionQueue.swift */,
				EBE70DA201D814BFEA8891F3 /* SingleExecution.swift */,
				EBE7080D75C289307DC3E50F /* ExecutionControl.swift */,
			);
			path = Threading;
			sourceTree = "<group>";
		};
		EBE702EC2500B6861B8E6389 /* Converters */ = {
			isa = PBXGroup;
			children = (
				EBE70FFEC08C41AA8ED50BD0 /* CloudApiFieldConverter.swift */,
				EBE7065F25809655D1E07F1C /* CloudApiParameterValue.swift */,
				EBE70CC8D28B65361DBC2E1A /* CloudApiStructConverter.swift */,
				EBE70666E01B07ECE402F862 /* CloudApiPrimitiveTypeConverter.swift */,
			);
			path = Converters;
			sourceTree = "<group>";
		};
		EBE70465DD24A44B7BDF9930 /* Interfaces */ = {
			isa = PBXGroup;
			children = (
				EBE70FC2EB59B2DABB80E94E /* Cloud */,
				EBE70645391431B91126D13E /* Storage */,
				EBE700A47ACF613E9C35912E /* Threading */,
				EBE7006D34A6904F550720D6 /* Dependency */,
				CF7B953125B1C3E7F961251A /* Ui */,
				EBE700B83AC86CBE7C6D92E1 /* Repository.swift */,
			);
			path = Interfaces;
			sourceTree = "<group>";
		};
		EBE7059EBEE21573209B922A /* FoundationExtensions */ = {
			isa = PBXGroup;
			children = (
				EBE709234D6A9BAA81EF22F9 /* FoundationExtensions.swift */,
				EBE701A89D442FCEF2E00FF2 /* JsonParser.swift */,
				EBE709532FF9B3E725672E1A /* ListenerList.swift */,
				EBE70DB4BCA926D6ACDEA101 /* SpinLock.swift */,
			);
			path = FoundationExtensions;
			sourceTree = "<group>";
		};
		EBE70645391431B91126D13E /* Storage */ = {
			isa = PBXGroup;
			children = (
				EBE709F4FAF0CA68A73B8459 /* Database */,
				EBE7092A17351B8D7367AFD3 /* StorageError.swift */,
				EBE70B2E85E2039F7E31084E /* ModuleStorage.swift */,
				EBE70E0F55B961A031AE2182 /* ApplicationStorage.swift */,
			);
			path = Storage;
			sourceTree = "<group>";
		};
		EBE707127E1F4253B4B45FD7 /* Content */ = {
			isa = PBXGroup;
			children = (
				EBE70665890D183D0DB1CB15 /* UiContentElement.swift */,
				EBE70ED1A5DBD9F5451C1DFC /* UiText.swift */,
				EBE707CEDE6008ECC990AE89 /* UiView.swift */,
				EBE707A3313F36B1EE212871 /* UiHtml.swift */,
			);
			path = Content;
			sourceTree = "<group>";
		};
		EBE7075537A3868FECD5DEEA /* UiExtensions */ = {
			isa = PBXGroup;
			children = (
				EBE701B46FD34928AD11DC90 /* SortedTableSync.swift */,
				EBE70D95BA2D4AAF2F5B3A19 /* UIKitExtensions.swift */,
				EBE70953ED6695560B2F482E /* CloudImageView.swift */,
				EBE70062EA761AEA16D51FAB /* LabelBack.swift */,
			);
			path = UiExtensions;
			sourceTree = "<group>";
		};
		EBE70758524B3759619D6F9C /* Storage */ = {
			isa = PBXGroup;
			children = (
				EBE70DB35569B935B40DA0F5 /* Database */,
				EBE70E5052840BE8E159A04A /* DefaultModuleStorage.swift */,
				EBE705364AC143A10CD19587 /* DefaultApplicationStorage.swift */,
			);
			path = Storage;
			sourceTree = "<group>";
		};
		EBE7084F0A82D0A33F965C84 /* Ui */ = {
			isa = PBXGroup;
			children = (
				EBE70EBE70D493FCB2BEDFBE /* Elements */,
				EBE7016326DCBA0EBEC34911 /* UiLayoutCache.swift */,
				EBE702CDA10E2B4457EE5A5D /* Ui.swift */,
				CF7B910262E86F37C4E1213E /* Bindings */,
				CF7B9A5B3B225B37561B4EA1 /* UiTypes.swift */,
			);
			path = Ui;
			sourceTree = "<group>";
		};
		EBE7089D100D44C783D19D11 /* Library */ = {
			isa = PBXGroup;
			children = (
				EBE7084F0A82D0A33F965C84 /* Ui */,
				EBE708EAF454FBE19087D8CC /* Declaration */,
				EBE7075537A3868FECD5DEEA /* UiExtensions */,
				EBE7059EBEE21573209B922A /* FoundationExtensions */,
			);
			path = Library;
			sourceTree = "<group>";
		};
		EBE708EAF454FBE19087D8CC /* Declaration */ = {
			isa = PBXGroup;
			children = (
				EBE705A7323F5528AF5947D4 /* DeclarationElement.swift */,
				EBE70B8A67DBBAD23D9A077C /* DeclarationValue.swift */,
			);
			path = Declaration;
			sourceTree = "<group>";
		};
		EBE7090FB012CDADC521412F /* Containers */ = {
			isa = PBXGroup;
			children = (
				EBE707EDD2D93E2F78E8E49D /* UiLayeredContainer.swift */,
				EBE7045FDA8C35F6C55E5E07 /* UiMultipleElementContainer.swift */,
				EBE7085BDCF91DB1E0F99256 /* UiSingleElementContainer.swift */,
				EBE70AF832808A571C755380 /* UiStackContainer.swift */,
				EBE70BABDFD129AA518DD8F1 /* UiVerticalContainer.swift */,
				EBE709CE357EBB555814FBE9 /* UiHorizontalContainer.swift */,
			);
			path = Containers;
			sourceTree = "<group>";
		};
		EBE709F4FAF0CA68A73B8459 /* Database */ = {
			isa = PBXGroup;
			children = (
				EBE70474138A6D547C2D7DCF /* DatabaseReader.swift */,
				EBE706EED44A86BD8D879292 /* StorageDatabase.swift */,
				EBE70F9928717A85259C66F1 /* DatabaseStatement.swift */,
				EBE70356B40B026323DD0E71 /* DatabaseExtentions.swift */,
				EBE7029D3005280707E4993F /* DatabaseMaintenance.swift */,
				EBE705E175093C8F487B29DD /* DatabaseSelectStatement.swift */,
				EBE701FE8C58D7F31C419A04 /* DatabaseUpdateStatement.swift */,
			);
			path = Database;
			sourceTree = "<group>";
		};
		EBE70C44549FCEDB1B5D27E5 /* Cloud */ = {
			isa = PBXGroup;
			children = (
				EBE70A470E0C06AAC6B7BCBE /* StringHashes.swift */,
				EBE70457BDF24AFA80836BFE /* DefaultCloudFile.swift */,
				EBE70C08AEB49A18B31E2B8F /* DefaultCloudConnector.swift */,
				EBE70DF593B0DF99F6692282 /* DefaultCloudFilesCache.swift */,
			);
			path = Cloud;
			sourceTree = "<group>";
		};
		EBE70CC77762A418003644BC /* Implementation */ = {
			isa = PBXGroup;
			children = (
				EBE70C44549FCEDB1B5D27E5 /* Cloud */,
				EBE70758524B3759619D6F9C /* Storage */,
				EBE70FD13E19589911F9226B /* Threading */,
				EBE7002B0579D623C4E16A0D /* Dependency */,
				CF7B9A92F92147FDCF1DB67D /* Ui */,
				EBE7062A18972A57DF2E1AAA /* DefaultRepository.swift */,
			);
			path = Implementation;
			sourceTree = "<group>";
		};
		EBE70DB35569B935B40DA0F5 /* Database */ = {
			isa = PBXGroup;
			children = (
				EBE70BA5C939812F8F0DC053 /* DefaultDatabaseReader.swift */,
				EBE7075A6ECAD3FCF686A9A1 /* DefaultStorageDatabase.swift */,
				EBE7082F2E85872723EFC45F /* DefaultDatabaseStatement.swift */,
				EBE70629FB414EF51EA119FE /* DefaultDatabaseSelectStatement.swift */,
				EBE70ABD64EFE4452C8AAEC7 /* DefaultDatabaseUpdateStatement.swift */,
			);
			path = Database;
			sourceTree = "<group>";
		};
		EBE70EBE70D493FCB2BEDFBE /* Elements */ = {
			isa = PBXGroup;
			children = (
				EBE70357E7CD76C4D431BCF0 /* UiElement.swift */,
				EBE707127E1F4253B4B45FD7 /* Content */,
				EBE7090FB012CDADC521412F /* Containers */,
			);
			path = Elements;
			sourceTree = "<group>";
		};
		EBE70F6F5F121D59D7DA3C5D /* CentralUi */ = {
			isa = PBXGroup;
			children = (
				2908A8BA1D2E2B5D00CB1D19 /* CentralUi.xcassets */,
				EBE708F12FC630E6A85F0E02 /* AlertStack.swift */,
				EBE700FAF79E52F3A083D28F /* MainMenu.storyboard */,
				EBE70F375318AA2084108B53 /* CentralUiAnimations.swift */,
				EBE70BC42F276614D2B9B0BD /* CentralUiDesign.swift */,
				EBE701E56AECB6B6A05A92AF /* DefaultMenuItem.swift */,
				EBE70338F66CF20B89141F5E /* MainMenuItemCell.swift */,
				EBE706902484F10D17B64616 /* MainMenuItemCell.xib */,
				EBE70D89E912FAF5351B4D4A /* CentralUiRootController.swift */,
				EBE703A40A4B4050DC75865B /* CentralUiSideController.swift */,
			);
			path = CentralUi;
			sourceTree = "<group>";
		};
		EBE70FC2EB59B2DABB80E94E /* Cloud */ = {
			isa = PBXGroup;
			children = (
				EBE702EC2500B6861B8E6389 /* Converters */,
				EBE7074F75EB3AB3B2791ECD /* CloudError.swift */,
				EBE703E7C026668623B4EE38 /* CloudConnector.swift */,
			);
			path = Cloud;
			sourceTree = "<group>";
		};
		EBE70FD13E19589911F9226B /* Threading */ = {
			isa = PBXGroup;
			children = (
				EBE70A7E524BBF05B6BF925B /* DefaultExecution.swift */,
				EBE7068B2C60B58887EB06E3 /* DefaultThreading.swift */,
				EBE709C0D6F6AF799E7E4073 /* DefaultExecutionQueue.swift */,
				EBE7098F8C18D44E4CFE8637 /* DefaultExecutionControl.swift */,
				CF7B933A7309F41B80D6065A /* Async.swift */,
				CF7B9105549218D6127BBED9 /* AsyncWork.swift */,
				CF7B9081D7046152CBF774EF /* AsyncExecution.swift */,
				CF7B9423E375F928156AA7B1 /* AsyncExecutionControl.swift */,
				CF7B9C4B04E76BE9E18F6FD1 /* AsyncHandler.swift */,
			);
			path = Threading;
			sourceTree = "<group>";
		};
/* End PBXGroup section */

/* Begin PBXHeadersBuildPhase section */
		29269C891D0FB98000135FF8 /* Headers */ = {
			isa = PBXHeadersBuildPhase;
			buildActionMask = 2147483647;
			files = (
				29269C901D0FB98000135FF8 /* Unified.h in Headers */,
			);
			runOnlyForDeploymentPostprocessing = 0;
		};
/* End PBXHeadersBuildPhase section */

/* Begin PBXNativeTarget section */
		29269C8B1D0FB98000135FF8 /* Unified */ = {
			isa = PBXNativeTarget;
			buildConfigurationList = 29269C941D0FB98000135FF8 /* Build configuration list for PBXNativeTarget "Unified" */;
			buildPhases = (
				29269C871D0FB98000135FF8 /* Sources */,
				29269C881D0FB98000135FF8 /* Frameworks */,
				29269C891D0FB98000135FF8 /* Headers */,
				29269C8A1D0FB98000135FF8 /* Resources */,
			);
			buildRules = (
			);
			dependencies = (
			);
			name = Unified;
			productName = Unified;
			productReference = 29269C8C1D0FB98000135FF8 /* Unified.framework */;
			productType = "com.apple.product-type.framework";
		};
/* End PBXNativeTarget section */

/* Begin PBXProject section */
		29269C831D0FB98000135FF8 /* Project object */ = {
			isa = PBXProject;
			attributes = {
				LastUpgradeCheck = 0730;
				ORGANIZATIONNAME = "";
				TargetAttributes = {
					29269C8B1D0FB98000135FF8 = {
						CreatedOnToolsVersion = 7.3;
					};
				};
			};
			buildConfigurationList = 29269C861D0FB98000135FF8 /* Build configuration list for PBXProject "Unified" */;
			compatibilityVersion = "Xcode 3.2";
			developmentRegion = English;
			hasScannedForEncodings = 0;
			knownRegions = (
				en,
			);
			mainGroup = 29269C821D0FB98000135FF8;
			productRefGroup = 29269C8D1D0FB98000135FF8 /* Products */;
			projectDirPath = "";
			projectRoot = "";
			targets = (
				29269C8B1D0FB98000135FF8 /* Unified */,
			);
		};
/* End PBXProject section */

/* Begin PBXResourcesBuildPhase section */
		29269C8A1D0FB98000135FF8 /* Resources */ = {
			isa = PBXResourcesBuildPhase;
			buildActionMask = 2147483647;
			files = (
				2908A8BB1D2E2B5D00CB1D19 /* CentralUi.xcassets in Resources */,
				EBE703670D45E0BF671B2DF8 /* MainMenu.storyboard in Resources */,
				EBE700F3FC86E0D178AAC7C3 /* MainMenuItemCell.xib in Resources */,
				EBE705C98AEDE588183D39FD /* UnifiedRepository.uni in Resources */,
			);
			runOnlyForDeploymentPostprocessing = 0;
		};
/* End PBXResourcesBuildPhase section */

/* Begin PBXSourcesBuildPhase section */
		29269C871D0FB98000135FF8 /* Sources */ = {
			isa = PBXSourcesBuildPhase;
			buildActionMask = 2147483647;
			files = (
				EBE70E8B9F6B94A0A46317CB /* StringHashes.swift in Sources */,
				EBE70B1DA9570E3EFFA677FC /* DefaultCloudFile.swift in Sources */,
				EBE70D5C9C98457FE29CD663 /* DefaultCloudConnector.swift in Sources */,
				EBE70A4A2F4F5301F6E4B2EB /* DefaultCloudFilesCache.swift in Sources */,
				EBE7041AF9F4763ECC394E02 /* DefaultDatabaseReader.swift in Sources */,
				EBE705822C9EA1B9EE49C2D5 /* DefaultStorageDatabase.swift in Sources */,
				EBE7059D4F15A712756C8BAC /* DefaultDatabaseStatement.swift in Sources */,
				EBE707E148DDF3536092AE74 /* DefaultDatabaseSelectStatement.swift in Sources */,
				EBE707AA3D7497446F59A240 /* DefaultDatabaseUpdateStatement.swift in Sources */,
				EBE700072F09B4BBECCC6595 /* DefaultModuleStorage.swift in Sources */,
				EBE706BCAD9C45145A6D7C1F /* DefaultApplicationStorage.swift in Sources */,
				EBE7026AD284655E8D846687 /* DefaultExecution.swift in Sources */,
				EBE708948EC39D713C61A585 /* DefaultThreading.swift in Sources */,
				EBE7051CCAFC32438AF0C153 /* DefaultExecutionQueue.swift in Sources */,
				EBE7062F4B36A7AEB5D2EA79 /* DefaultExecutionControl.swift in Sources */,
				EBE705689581C265E85A099A /* DefaultDependencyResolver.swift in Sources */,
				EBE705C3D6290850C5C2935E /* CloudApiFieldConverter.swift in Sources */,
				EBE704763F59FB842D8A6A98 /* CloudApiParameterValue.swift in Sources */,
				EBE70CD1B34186056B70B566 /* CloudApiStructConverter.swift in Sources */,
				EBE70338A9CFBE871538918E /* CloudApiPrimitiveTypeConverter.swift in Sources */,
				EBE70FE2642E5228ED278A3E /* CloudError.swift in Sources */,
				EBE702EF41F8B4CA384FB278 /* CloudConnector.swift in Sources */,
				EBE709A9E92361386F3DFEBA /* DatabaseReader.swift in Sources */,
				EBE7055EC44F98DAD089E86C /* StorageDatabase.swift in Sources */,
				EBE7002D838A61A404A07A07 /* DatabaseStatement.swift in Sources */,
				EBE70320C174FEDA900D1D60 /* DatabaseExtentions.swift in Sources */,
				EBE70457624697DA21BF96F5 /* DatabaseMaintenance.swift in Sources */,
				EBE70E881B4B8CD4B02924C0 /* DatabaseSelectStatement.swift in Sources */,
				EBE704911BF1217900E191AE /* DatabaseUpdateStatement.swift in Sources */,
				EBE70212B576D52909CB37C4 /* StorageError.swift in Sources */,
				EBE7059D2F53686E598FE976 /* ModuleStorage.swift in Sources */,
				EBE7061914FA48E5D8202BB5 /* ApplicationStorage.swift in Sources */,
				EBE70C3D900DC74F54BC375F /* Executor.swift in Sources */,
				EBE704CFE8EE60406574849C /* Execution.swift in Sources */,
				EBE7007343D0C75134E7D85C /* Threading.swift in Sources */,
				EBE70E4187E90A5C2F0ED076 /* ExecutionQueue.swift in Sources */,
				EBE709B77A7DADE5FE9B979E /* SingleExecution.swift in Sources */,
				EBE708D8FC4E4B9990270C96 /* ExecutionControl.swift in Sources */,
				EBE70A5ABA46864D8B70FB6A /* Component.swift in Sources */,
				EBE708228E6427FD222CEF07 /* DependencyResolver.swift in Sources */,
				EBE7033CD14626DA7656BF2A /* DependencyComponent.swift in Sources */,
				EBE70875FF16B82F33B420EC /* UnifiedComponents.swift in Sources */,
				CF7B99E80ECFF7AE837531EA /* CentralUi.swift in Sources */,
				CF7B942CE65746B261B40A5E /* DefaultCentralUi.swift in Sources */,
				EBE70201FDF854B5C27D8087 /* DeclarationElement.swift in Sources */,
				EBE70060ACB555FB877FAA0E /* DeclarationValue.swift in Sources */,
				EBE70DB6E325C20402502DC1 /* Repository.swift in Sources */,
				EBE70BEF25E005D3DD9D1335 /* DefaultRepository.swift in Sources */,
				EBE7078C56954D55502DCE7D /* AlertStack.swift in Sources */,
				EBE701529640AD8B660E94A1 /* CentralUiAnimations.swift in Sources */,
				EBE701237ED051202F216CE5 /* CentralUiDesign.swift in Sources */,
				EBE702D96616824BF5E289C5 /* DefaultMenuItem.swift in Sources */,
				EBE70FC58B0887EAB6A1FFA5 /* MainMenuItemCell.swift in Sources */,
				EBE70DB6F76982C10412CE8C /* CentralUiRootController.swift in Sources */,
				EBE700E59DCCA9671B88713A /* CentralUiSideController.swift in Sources */,
				EBE701B28E05EE911D0826AB /* FoundationExtensions.swift in Sources */,
				EBE7095253FD9912C784D480 /* JsonParser.swift in Sources */,
				EBE70E4D483E658D84B250E9 /* ListenerList.swift in Sources */,
				EBE70F8854BF296647D9F118 /* SortedTableSync.swift in Sources */,
				EBE7066C5440BB4C0952371F /* SpinLock.swift in Sources */,
				EBE70B177A373F633FA7D6AD /* UIKitExtensions.swift in Sources */,
				EBE702C6370C2C99C840A82F /* CloudImageView.swift in Sources */,
				EBE70D26F1B9322285F1C000 /* LabelBack.swift in Sources */,
				EBE70C38B13CC6D07569A357 /* UiElement.swift in Sources */,
				EBE7057C66B8E91189B487F4 /* UiContentElement.swift in Sources */,
				EBE705377C12925F3EE3C831 /* UiText.swift in Sources */,
				EBE70B37FBD72EF6CB48A385 /* UiView.swift in Sources */,
				EBE70CAEBA7E9F9D6CEEB2AE /* UiLayeredContainer.swift in Sources */,
				EBE700C117ABE4BB9B62B848 /* UiMultipleElementContainer.swift in Sources */,
				EBE70ABD17AB4A68A974C452 /* UiSingleElementContainer.swift in Sources */,
				EBE70B6129B17D913BD78EFB /* UiStackContainer.swift in Sources */,
				EBE70FE515F2D01B87396A67 /* UiLayoutCache.swift in Sources */,
				EBE707091043CA8D70632B74 /* Ui.swift in Sources */,
				CF7B9AFFEA90B93A9A8E5C25 /* UiBindings.swift in Sources */,
				CF7B9AD555C63328A5157059 /* UiTypes.swift in Sources */,
				EBE70249B382C36AE3BB3531 /* UiHtml.swift in Sources */,
				EBE70E92567230A18823755D /* UiVerticalContainer.swift in Sources */,
				EBE709D47EE0A00A58B457A4 /* UiHorizontalContainer.swift in Sources */,
				CF7B9ED0519125DA23F55A34 /* Async.swift in Sources */,
				CF7B9C1E6635A62127DF92F5 /* AsyncWork.swift in Sources */,
				CF7B9085CA4EAD158114826D /* AsyncExecution.swift in Sources */,
				CF7B944FF707A6C1ABF7FA76 /* AsyncExecutionControl.swift in Sources */,
				CF7B97B7B3BA3D280481957C /* AsyncHandler.swift in Sources */,
			);
			runOnlyForDeploymentPostprocessing = 0;
		};
/* End PBXSourcesBuildPhase section */

/* Begin XCBuildConfiguration section */
		29269C921D0FB98000135FF8 /* Debug */ = {
			isa = XCBuildConfiguration;
			buildSettings = {
				ALWAYS_SEARCH_USER_PATHS = NO;
				CLANG_ANALYZER_NONNULL = YES;
				CLANG_CXX_LANGUAGE_STANDARD = "gnu++0x";
				CLANG_CXX_LIBRARY = "libc++";
				CLANG_ENABLE_MODULES = YES;
				CLANG_ENABLE_OBJC_ARC = YES;
				CLANG_WARN_BOOL_CONVERSION = YES;
				CLANG_WARN_CONSTANT_CONVERSION = YES;
				CLANG_WARN_DIRECT_OBJC_ISA_USAGE = YES_ERROR;
				CLANG_WARN_EMPTY_BODY = YES;
				CLANG_WARN_ENUM_CONVERSION = YES;
				CLANG_WARN_INT_CONVERSION = YES;
				CLANG_WARN_OBJC_ROOT_CLASS = YES_ERROR;
				CLANG_WARN_UNREACHABLE_CODE = YES;
				CLANG_WARN__DUPLICATE_METHOD_MATCH = YES;
				"CODE_SIGN_IDENTITY[sdk=iphoneos*]" = "iPhone Developer";
				COPY_PHASE_STRIP = NO;
				CURRENT_PROJECT_VERSION = 1;
				DEBUG_INFORMATION_FORMAT = dwarf;
				ENABLE_STRICT_OBJC_MSGSEND = YES;
				ENABLE_TESTABILITY = YES;
				GCC_C_LANGUAGE_STANDARD = gnu99;
				GCC_DYNAMIC_NO_PIC = NO;
				GCC_NO_COMMON_BLOCKS = YES;
				GCC_OPTIMIZATION_LEVEL = 0;
				GCC_PREPROCESSOR_DEFINITIONS = (
					"DEBUG=1",
					"$(inherited)",
				);
				GCC_WARN_64_TO_32_BIT_CONVERSION = YES;
				GCC_WARN_ABOUT_RETURN_TYPE = YES_ERROR;
				GCC_WARN_UNDECLARED_SELECTOR = YES;
				GCC_WARN_UNINITIALIZED_AUTOS = YES_AGGRESSIVE;
				GCC_WARN_UNUSED_FUNCTION = YES;
				GCC_WARN_UNUSED_VARIABLE = YES;
				IPHONEOS_DEPLOYMENT_TARGET = 9.3;
				MTL_ENABLE_DEBUG_INFO = YES;
				ONLY_ACTIVE_ARCH = YES;
				SDKROOT = iphoneos;
				SWIFT_OPTIMIZATION_LEVEL = "-Onone";
				TARGETED_DEVICE_FAMILY = "1,2";
				VERSIONING_SYSTEM = "apple-generic";
				VERSION_INFO_PREFIX = "";
			};
			name = Debug;
		};
		29269C931D0FB98000135FF8 /* Release */ = {
			isa = XCBuildConfiguration;
			buildSettings = {
				ALWAYS_SEARCH_USER_PATHS = NO;
				CLANG_ANALYZER_NONNULL = YES;
				CLANG_CXX_LANGUAGE_STANDARD = "gnu++0x";
				CLANG_CXX_LIBRARY = "libc++";
				CLANG_ENABLE_MODULES = YES;
				CLANG_ENABLE_OBJC_ARC = YES;
				CLANG_WARN_BOOL_CONVERSION = YES;
				CLANG_WARN_CONSTANT_CONVERSION = YES;
				CLANG_WARN_DIRECT_OBJC_ISA_USAGE = YES_ERROR;
				CLANG_WARN_EMPTY_BODY = YES;
				CLANG_WARN_ENUM_CONVERSION = YES;
				CLANG_WARN_INT_CONVERSION = YES;
				CLANG_WARN_OBJC_ROOT_CLASS = YES_ERROR;
				CLANG_WARN_UNREACHABLE_CODE = YES;
				CLANG_WARN__DUPLICATE_METHOD_MATCH = YES;
				"CODE_SIGN_IDENTITY[sdk=iphoneos*]" = "iPhone Developer";
				COPY_PHASE_STRIP = NO;
				CURRENT_PROJECT_VERSION = 1;
				DEBUG_INFORMATION_FORMAT = "dwarf-with-dsym";
				ENABLE_NS_ASSERTIONS = NO;
				ENABLE_STRICT_OBJC_MSGSEND = YES;
				GCC_C_LANGUAGE_STANDARD = gnu99;
				GCC_NO_COMMON_BLOCKS = YES;
				GCC_WARN_64_TO_32_BIT_CONVERSION = YES;
				GCC_WARN_ABOUT_RETURN_TYPE = YES_ERROR;
				GCC_WARN_UNDECLARED_SELECTOR = YES;
				GCC_WARN_UNINITIALIZED_AUTOS = YES_AGGRESSIVE;
				GCC_WARN_UNUSED_FUNCTION = YES;
				GCC_WARN_UNUSED_VARIABLE = YES;
				IPHONEOS_DEPLOYMENT_TARGET = 9.3;
				MTL_ENABLE_DEBUG_INFO = NO;
				SDKROOT = iphoneos;
				TARGETED_DEVICE_FAMILY = "1,2";
				VALIDATE_PRODUCT = YES;
				VERSIONING_SYSTEM = "apple-generic";
				VERSION_INFO_PREFIX = "";
			};
			name = Release;
		};
		29269C951D0FB98000135FF8 /* Debug */ = {
			isa = XCBuildConfiguration;
			buildSettings = {
				DEFINES_MODULE = YES;
				DYLIB_COMPATIBILITY_VERSION = 1;
				DYLIB_CURRENT_VERSION = 1;
				DYLIB_INSTALL_NAME_BASE = "@rpath";
				INFOPLIST_FILE = Unified/Info.plist;
				INSTALL_PATH = "$(LOCAL_LIBRARY_DIR)/Frameworks";
				LD_RUNPATH_SEARCH_PATHS = "$(inherited) @executable_path/Frameworks @loader_path/Frameworks";
				PRODUCT_BUNDLE_IDENTIFIER = org.melsomino.Unified;
				PRODUCT_NAME = "$(TARGET_NAME)";
				SKIP_INSTALL = YES;
			};
			name = Debug;
		};
		29269C961D0FB98000135FF8 /* Release */ = {
			isa = XCBuildConfiguration;
			buildSettings = {
				DEFINES_MODULE = YES;
				DYLIB_COMPATIBILITY_VERSION = 1;
				DYLIB_CURRENT_VERSION = 1;
				DYLIB_INSTALL_NAME_BASE = "@rpath";
				INFOPLIST_FILE = Unified/Info.plist;
				INSTALL_PATH = "$(LOCAL_LIBRARY_DIR)/Frameworks";
				LD_RUNPATH_SEARCH_PATHS = "$(inherited) @executable_path/Frameworks @loader_path/Frameworks";
				PRODUCT_BUNDLE_IDENTIFIER = org.melsomino.Unified;
				PRODUCT_NAME = "$(TARGET_NAME)";
				SKIP_INSTALL = YES;
			};
			name = Release;
		};
/* End XCBuildConfiguration section */

/* Begin XCConfigurationList section */
		29269C861D0FB98000135FF8 /* Build configuration list for PBXProject "Unified" */ = {
			isa = XCConfigurationList;
			buildConfigurations = (
				29269C921D0FB98000135FF8 /* Debug */,
				29269C931D0FB98000135FF8 /* Release */,
			);
			defaultConfigurationIsVisible = 0;
			defaultConfigurationName = Release;
		};
		29269C941D0FB98000135FF8 /* Build configuration list for PBXNativeTarget "Unified" */ = {
			isa = XCConfigurationList;
			buildConfigurations = (
				29269C951D0FB98000135FF8 /* Debug */,
				29269C961D0FB98000135FF8 /* Release */,
			);
			defaultConfigurationIsVisible = 0;
			defaultConfigurationName = Release;
		};
/* End XCConfigurationList section */
	};
	rootObject = 29269C831D0FB98000135FF8 /* Project object */;
}
