// !$*UTF8*$!
{
	archiveVersion = 1;
	classes = {
	};
	objectVersion = 46;
	objects = {

/* Begin PBXBuildFile section */
		29269CA41D0FC73500135FF8 /* AppDelegate.swift in Sources */ = {isa = PBXBuildFile; fileRef = 29269CA31D0FC73500135FF8 /* AppDelegate.swift */; };
		29269CA61D0FC73500135FF8 /* ViewController.swift in Sources */ = {isa = PBXBuildFile; fileRef = 29269CA51D0FC73500135FF8 /* ViewController.swift */; };
		29269CA91D0FC73500135FF8 /* Main.storyboard in Resources */ = {isa = PBXBuildFile; fileRef = 29269CA71D0FC73500135FF8 /* Main.storyboard */; };
		29269CAB1D0FC73500135FF8 /* Assets.xcassets in Resources */ = {isa = PBXBuildFile; fileRef = 29269CAA1D0FC73500135FF8 /* Assets.xcassets */; };
		29269CAE1D0FC73500135FF8 /* LaunchScreen.storyboard in Resources */ = {isa = PBXBuildFile; fileRef = 29269CAC1D0FC73500135FF8 /* LaunchScreen.storyboard */; };
		B40A98D2D34AA5D6988C2A7C /* Pods_CentralUi.framework in Frameworks */ = {isa = PBXBuildFile; fileRef = C2B7612CFC61540996D28AE1 /* Pods_CentralUi.framework */; };
/* End PBXBuildFile section */

/* Begin PBXFileReference section */
		29269CA01D0FC73500135FF8 /* CentralUi.app */ = {isa = PBXFileReference; explicitFileType = wrapper.application; includeInIndex = 0; path = CentralUi.app; sourceTree = BUILT_PRODUCTS_DIR; };
		29269CA31D0FC73500135FF8 /* AppDelegate.swift */ = {isa = PBXFileReference; lastKnownFileType = sourcecode.swift; path = AppDelegate.swift; sourceTree = "<group>"; };
		29269CA51D0FC73500135FF8 /* ViewController.swift */ = {isa = PBXFileReference; lastKnownFileType = sourcecode.swift; path = ViewController.swift; sourceTree = "<group>"; };
		29269CA81D0FC73500135FF8 /* Base */ = {isa = PBXFileReference; lastKnownFileType = file.storyboard; name = Base; path = Base.lproj/Main.storyboard; sourceTree = "<group>"; };
		29269CAA1D0FC73500135FF8 /* Assets.xcassets */ = {isa = PBXFileReference; lastKnownFileType = folder.assetcatalog; path = Assets.xcassets; sourceTree = "<group>"; };
		29269CAD1D0FC73500135FF8 /* Base */ = {isa = PBXFileReference; lastKnownFileType = file.storyboard; name = Base; path = Base.lproj/LaunchScreen.storyboard; sourceTree = "<group>"; };
		29269CAF1D0FC73500135FF8 /* Info.plist */ = {isa = PBXFileReference; lastKnownFileType = text.plist.xml; path = Info.plist; sourceTree = "<group>"; };
		8129C216CF7A3BEAA08C13E3 /* Pods-CentralUi.release.xcconfig */ = {isa = PBXFileReference; includeInIndex = 1; lastKnownFileType = text.xcconfig; name = "Pods-CentralUi.release.xcconfig"; path = "Pods/Target Support Files/Pods-CentralUi/Pods-CentralUi.release.xcconfig"; sourceTree = "<group>"; };
		B5B67EA94711A8D018C118DF /* Pods-CentralUi.debug.xcconfig */ = {isa = PBXFileReference; includeInIndex = 1; lastKnownFileType = text.xcconfig; name = "Pods-CentralUi.debug.xcconfig"; path = "Pods/Target Support Files/Pods-CentralUi/Pods-CentralUi.debug.xcconfig"; sourceTree = "<group>"; };
		C2B7612CFC61540996D28AE1 /* Pods_CentralUi.framework */ = {isa = PBXFileReference; explicitFileType = wrapper.framework; includeInIndex = 0; path = Pods_CentralUi.framework; sourceTree = BUILT_PRODUCTS_DIR; };
/* End PBXFileReference section */

/* Begin PBXFrameworksBuildPhase section */
		29269C9D1D0FC73500135FF8 /* Frameworks */ = {
			isa = PBXFrameworksBuildPhase;
			buildActionMask = 2147483647;
			files = (
				B40A98D2D34AA5D6988C2A7C /* Pods_CentralUi.framework in Frameworks */,
			);
			runOnlyForDeploymentPostprocessing = 0;
		};
/* End PBXFrameworksBuildPhase section */

/* Begin PBXGroup section */
		29269C971D0FC73500135FF8 = {
			isa = PBXGroup;
			children = (
				29269CA21D0FC73500135FF8 /* CentralUi */,
				29269CA11D0FC73500135FF8 /* Products */,
				AF40BD08D2A017FE5295401E /* Pods */,
				D95E06125A464E1C03B85BF9 /* Frameworks */,
			);
			sourceTree = "<group>";
		};
		29269CA11D0FC73500135FF8 /* Products */ = {
			isa = PBXGroup;
			children = (
				29269CA01D0FC73500135FF8 /* CentralUi.app */,
			);
			name = Products;
			sourceTree = "<group>";
		};
		29269CA21D0FC73500135FF8 /* CentralUi */ = {
			isa = PBXGroup;
			children = (
				29269CA31D0FC73500135FF8 /* AppDelegate.swift */,
				29269CA51D0FC73500135FF8 /* ViewController.swift */,
				29269CA71D0FC73500135FF8 /* Main.storyboard */,
				29269CAA1D0FC73500135FF8 /* Assets.xcassets */,
				29269CAC1D0FC73500135FF8 /* LaunchScreen.storyboard */,
				29269CAF1D0FC73500135FF8 /* Info.plist */,
			);
			path = CentralUi;
			sourceTree = "<group>";
		};
		AF40BD08D2A017FE5295401E /* Pods */ = {
			isa = PBXGroup;
			children = (
				B5B67EA94711A8D018C118DF /* Pods-CentralUi.debug.xcconfig */,
				8129C216CF7A3BEAA08C13E3 /* Pods-CentralUi.release.xcconfig */,
			);
			name = Pods;
			sourceTree = "<group>";
		};
		D95E06125A464E1C03B85BF9 /* Frameworks */ = {
			isa = PBXGroup;
			children = (
				C2B7612CFC61540996D28AE1 /* Pods_CentralUi.framework */,
			);
			name = Frameworks;
			sourceTree = "<group>";
		};
/* End PBXGroup section */

/* Begin PBXNativeTarget section */
		29269C9F1D0FC73500135FF8 /* CentralUi */ = {
			isa = PBXNativeTarget;
			buildConfigurationList = 29269CB21D0FC73500135FF8 /* Build configuration list for PBXNativeTarget "CentralUi" */;
			buildPhases = (
				09F2D3F13C69A468886AC024 /* 📦 Check Pods Manifest.lock */,
				29269C9C1D0FC73500135FF8 /* Sources */,
				29269C9D1D0FC73500135FF8 /* Frameworks */,
				29269C9E1D0FC73500135FF8 /* Resources */,
				1EB13BF677B3011636815254 /* 📦 Embed Pods Frameworks */,
				E17B432F6008890348A12603 /* 📦 Copy Pods Resources */,
			);
			buildRules = (
			);
			dependencies = (
			);
			name = CentralUi;
			productName = CentralUi;
			productReference = 29269CA01D0FC73500135FF8 /* CentralUi.app */;
			productType = "com.apple.product-type.application";
		};
/* End PBXNativeTarget section */

/* Begin PBXProject section */
		29269C981D0FC73500135FF8 /* Project object */ = {
			isa = PBXProject;
			attributes = {
				LastSwiftUpdateCheck = 0730;
				LastUpgradeCheck = 0730;
				ORGANIZATIONNAME = melsomino;
				TargetAttributes = {
					29269C9F1D0FC73500135FF8 = {
						CreatedOnToolsVersion = 7.3;
					};
				};
			};
			buildConfigurationList = 29269C9B1D0FC73500135FF8 /* Build configuration list for PBXProject "CentralUi" */;
			compatibilityVersion = "Xcode 3.2";
			developmentRegion = English;
			hasScannedForEncodings = 0;
			knownRegions = (
				en,
				Base,
			);
			mainGroup = 29269C971D0FC73500135FF8;
			productRefGroup = 29269CA11D0FC73500135FF8 /* Products */;
			projectDirPath = "";
			projectRoot = "";
			targets = (
				29269C9F1D0FC73500135FF8 /* CentralUi */,
			);
		};
/* End PBXProject section */

/* Begin PBXResourcesBuildPhase section */
		29269C9E1D0FC73500135FF8 /* Resources */ = {
			isa = PBXResourcesBuildPhase;
			buildActionMask = 2147483647;
			files = (
				29269CAE1D0FC73500135FF8 /* LaunchScreen.storyboard in Resources */,
				29269CAB1D0FC73500135FF8 /* Assets.xcassets in Resources */,
				29269CA91D0FC73500135FF8 /* Main.storyboard in Resources */,
			);
			runOnlyForDeploymentPostprocessing = 0;
		};
/* End PBXResourcesBuildPhase section */

/* Begin PBXShellScriptBuildPhase section */
		09F2D3F13C69A468886AC024 /* 📦 Check Pods Manifest.lock */ = {
			isa = PBXShellScriptBuildPhase;
			buildActionMask = 2147483647;
			files = (
			);
			inputPaths = (
			);
			name = "📦 Check Pods Manifest.lock";
			outputPaths = (
			);
			runOnlyForDeploymentPostprocessing = 0;
			shellPath = /bin/sh;
			shellScript = "diff \"${PODS_ROOT}/../Podfile.lock\" \"${PODS_ROOT}/Manifest.lock\" > /dev/null\nif [[ $? != 0 ]] ; then\n    cat << EOM\nerror: The sandbox is not in sync with the Podfile.lock. Run 'pod install' or update your CocoaPods installation.\nEOM\n    exit 1\nfi\n";
			showEnvVarsInLog = 0;
		};
		1EB13BF677B3011636815254 /* 📦 Embed Pods Frameworks */ = {
			isa = PBXShellScriptBuildPhase;
			buildActionMask = 2147483647;
			files = (
			);
			inputPaths = (
			);
			name = "📦 Embed Pods Frameworks";
			outputPaths = (
			);
			runOnlyForDeploymentPostprocessing = 0;
			shellPath = /bin/sh;
			shellScript = "\"${SRCROOT}/Pods/Target Support Files/Pods-CentralUi/Pods-CentralUi-frameworks.sh\"\n";
			showEnvVarsInLog = 0;
		};
		E17B432F6008890348A12603 /* 📦 Copy Pods Resources */ = {
			isa = PBXShellScriptBuildPhase;
			buildActionMask = 2147483647;
			files = (
			);
			inputPaths = (
			);
			name = "📦 Copy Pods Resources";
			outputPaths = (
			);
			runOnlyForDeploymentPostprocessing = 0;
			shellPath = /bin/sh;
			shellScript = "\"${SRCROOT}/Pods/Target Support Files/Pods-CentralUi/Pods-CentralUi-resources.sh\"\n";
			showEnvVarsInLog = 0;
		};
/* End PBXShellScriptBuildPhase section */

/* Begin PBXSourcesBuildPhase section */
		29269C9C1D0FC73500135FF8 /* Sources */ = {
			isa = PBXSourcesBuildPhase;
			buildActionMask = 2147483647;
			files = (
				29269CA61D0FC73500135FF8 /* ViewController.swift in Sources */,
				29269CA41D0FC73500135FF8 /* AppDelegate.swift in Sources */,
			);
			runOnlyForDeploymentPostprocessing = 0;
		};
/* End PBXSourcesBuildPhase section */

/* Begin PBXVariantGroup section */
		29269CA71D0FC73500135FF8 /* Main.storyboard */ = {
			isa = PBXVariantGroup;
			children = (
				29269CA81D0FC73500135FF8 /* Base */,
			);
			name = Main.storyboard;
			sourceTree = "<group>";
		};
		29269CAC1D0FC73500135FF8 /* LaunchScreen.storyboard */ = {
			isa = PBXVariantGroup;
			children = (
				29269CAD1D0FC73500135FF8 /* Base */,
			);
			name = LaunchScreen.storyboard;
			sourceTree = "<group>";
		};
/* End PBXVariantGroup section */

/* Begin XCBuildConfiguration section */
		29269CB01D0FC73500135FF8 /* Debug */ = {
			isa = XCBuildConfiguration;
			buildSettings = {
				ALWAYS_SEARCH_USER_PATHS = NO;
				CLANG_ANALYZER_NONNULL = YES;
				CLANG_CXX_LANGUAGE_STANDARD = "gnu++0x";
				CLANG_CXX_LIBRARY = "libc++";
				CLANG_ENABLE_MODULES = YES;
				CLANG_ENABLE_OBJC_ARC = YES;
				CLANG_WARN_BOOL_CONVERSION = YES;
				CLANG_WARN_CONSTANT_CONVERSION = YES;
				CLANG_WARN_DIRECT_OBJC_ISA_USAGE = YES_ERROR;
				CLANG_WARN_EMPTY_BODY = YES;
				CLANG_WARN_ENUM_CONVERSION = YES;
				CLANG_WARN_INT_CONVERSION = YES;
				CLANG_WARN_OBJC_ROOT_CLASS = YES_ERROR;
				CLANG_WARN_UNREACHABLE_CODE = YES;
				CLANG_WARN__DUPLICATE_METHOD_MATCH = YES;
				"CODE_SIGN_IDENTITY[sdk=iphoneos*]" = "iPhone Developer";
				COPY_PHASE_STRIP = NO;
				DEBUG_INFORMATION_FORMAT = dwarf;
				ENABLE_STRICT_OBJC_MSGSEND = YES;
				ENABLE_TESTABILITY = YES;
				GCC_C_LANGUAGE_STANDARD = gnu99;
				GCC_DYNAMIC_NO_PIC = NO;
				GCC_NO_COMMON_BLOCKS = YES;
				GCC_OPTIMIZATION_LEVEL = 0;
				GCC_PREPROCESSOR_DEFINITIONS = (
					"DEBUG=1",
					"$(inherited)",
				);
				GCC_WARN_64_TO_32_BIT_CONVERSION = YES;
				GCC_WARN_ABOUT_RETURN_TYPE = YES_ERROR;
				GCC_WARN_UNDECLARED_SELECTOR = YES;
				GCC_WARN_UNINITIALIZED_AUTOS = YES_AGGRESSIVE;
				GCC_WARN_UNUSED_FUNCTION = YES;
				GCC_WARN_UNUSED_VARIABLE = YES;
				IPHONEOS_DEPLOYMENT_TARGET = 9.3;
				MTL_ENABLE_DEBUG_INFO = YES;
				ONLY_ACTIVE_ARCH = YES;
				SDKROOT = iphoneos;
				SWIFT_OPTIMIZATION_LEVEL = "-Onone";
				TARGETED_DEVICE_FAMILY = "1,2";
			};
			name = Debug;
		};
		29269CB11D0FC73500135FF8 /* Release */ = {
			isa = XCBuildConfiguration;
			buildSettings = {
				ALWAYS_SEARCH_USER_PATHS = NO;
				CLANG_ANALYZER_NONNULL = YES;
				CLANG_CXX_LANGUAGE_STANDARD = "gnu++0x";
				CLANG_CXX_LIBRARY = "libc++";
				CLANG_ENABLE_MODULES = YES;
				CLANG_ENABLE_OBJC_ARC = YES;
				CLANG_WARN_BOOL_CONVERSION = YES;
				CLANG_WARN_CONSTANT_CONVERSION = YES;
				CLANG_WARN_DIRECT_OBJC_ISA_USAGE = YES_ERROR;
				CLANG_WARN_EMPTY_BODY = YES;
				CLANG_WARN_ENUM_CONVERSION = YES;
				CLANG_WARN_INT_CONVERSION = YES;
				CLANG_WARN_OBJC_ROOT_CLASS = YES_ERROR;
				CLANG_WARN_UNREACHABLE_CODE = YES;
				CLANG_WARN__DUPLICATE_METHOD_MATCH = YES;
				"CODE_SIGN_IDENTITY[sdk=iphoneos*]" = "iPhone Developer";
				COPY_PHASE_STRIP = NO;
				DEBUG_INFORMATION_FORMAT = "dwarf-with-dsym";
				ENABLE_NS_ASSERTIONS = NO;
				ENABLE_STRICT_OBJC_MSGSEND = YES;
				GCC_C_LANGUAGE_STANDARD = gnu99;
				GCC_NO_COMMON_BLOCKS = YES;
				GCC_WARN_64_TO_32_BIT_CONVERSION = YES;
				GCC_WARN_ABOUT_RETURN_TYPE = YES_ERROR;
				GCC_WARN_UNDECLARED_SELECTOR = YES;
				GCC_WARN_UNINITIALIZED_AUTOS = YES_AGGRESSIVE;
				GCC_WARN_UNUSED_FUNCTION = YES;
				GCC_WARN_UNUSED_VARIABLE = YES;
				IPHONEOS_DEPLOYMENT_TARGET = 9.3;
				MTL_ENABLE_DEBUG_INFO = NO;
				SDKROOT = iphoneos;
				TARGETED_DEVICE_FAMILY = "1,2";
				VALIDATE_PRODUCT = YES;
			};
			name = Release;
		};
		29269CB31D0FC73500135FF8 /* Debug */ = {
			isa = XCBuildConfiguration;
			baseConfigurationReference = B5B67EA94711A8D018C118DF /* Pods-CentralUi.debug.xcconfig */;
			buildSettings = {
				ASSETCATALOG_COMPILER_APPICON_NAME = AppIcon;
				INFOPLIST_FILE = CentralUi/Info.plist;
				LD_RUNPATH_SEARCH_PATHS = "$(inherited) @executable_path/Frameworks";
				PRODUCT_BUNDLE_IDENTIFIER = org.melsomino.CentralUi;
				PRODUCT_NAME = "$(TARGET_NAME)";
			};
			name = Debug;
		};
		29269CB41D0FC73500135FF8 /* Release */ = {
			isa = XCBuildConfiguration;
			baseConfigurationReference = 8129C216CF7A3BEAA08C13E3 /* Pods-CentralUi.release.xcconfig */;
			buildSettings = {
				ASSETCATALOG_COMPILER_APPICON_NAME = AppIcon;
				INFOPLIST_FILE = CentralUi/Info.plist;
				LD_RUNPATH_SEARCH_PATHS = "$(inherited) @executable_path/Frameworks";
				PRODUCT_BUNDLE_IDENTIFIER = org.melsomino.CentralUi;
				PRODUCT_NAME = "$(TARGET_NAME)";
			};
			name = Release;
		};
/* End XCBuildConfiguration section */

/* Begin XCConfigurationList section */
		29269C9B1D0FC73500135FF8 /* Build configuration list for PBXProject "CentralUi" */ = {
			isa = XCConfigurationList;
			buildConfigurations = (
				29269CB01D0FC73500135FF8 /* Debug */,
				29269CB11D0FC73500135FF8 /* Release */,
			);
			defaultConfigurationIsVisible = 0;
			defaultConfigurationName = Release;
		};
		29269CB21D0FC73500135FF8 /* Build configuration list for PBXNativeTarget "CentralUi" */ = {
			isa = XCConfigurationList;
			buildConfigurations = (
				29269CB31D0FC73500135FF8 /* Debug */,
				29269CB41D0FC73500135FF8 /* Release */,
			);
			defaultConfigurationIsVisible = 0;
			defaultConfigurationName = Release;
		};
/* End XCConfigurationList section */
	};
	rootObject = 29269C981D0FC73500135FF8 /* Project object */;
}
