// !$*UTF8*$!
{
	archiveVersion = 1;
	classes = {
	};
	objectVersion = 46;
	objects = {

/* Begin PBXBuildFile section */
		8BDDD94A595FE28F0EFEB76F /* Pods_Layouts.framework in Frameworks */ = {isa = PBXBuildFile; fileRef = 1CF76B80D468F9E8667173E6 /* Pods_Layouts.framework */; };
		B79DA98A1D11A34E0013D81A /* AppDelegate.swift in Sources */ = {isa = PBXBuildFile; fileRef = B79DA9891D11A34E0013D81A /* AppDelegate.swift */; };
		B79DA98F1D11A34E0013D81A /* Main.storyboard in Resources */ = {isa = PBXBuildFile; fileRef = B79DA98D1D11A34E0013D81A /* Main.storyboard */; };
		B79DA9911D11A34E0013D81A /* Assets.xcassets in Resources */ = {isa = PBXBuildFile; fileRef = B79DA9901D11A34E0013D81A /* Assets.xcassets */; };
		B79DA9941D11A34E0013D81A /* LaunchScreen.storyboard in Resources */ = {isa = PBXBuildFile; fileRef = B79DA9921D11A34E0013D81A /* LaunchScreen.storyboard */; };
		EBE70C32CF3FF5CDAFF164E8 /* Layouts.uni in Resources */ = {isa = PBXBuildFile; fileRef = EBE700EA8AAB7AC3A9AA2558 /* Layouts.uni */; };
/* End PBXBuildFile section */

/* Begin PBXFileReference section */
		1CF76B80D468F9E8667173E6 /* Pods_Layouts.framework */ = {isa = PBXFileReference; explicitFileType = wrapper.framework; includeInIndex = 0; path = Pods_Layouts.framework; sourceTree = BUILT_PRODUCTS_DIR; };
		B79DA9861D11A34E0013D81A /* Layouts.app */ = {isa = PBXFileReference; explicitFileType = wrapper.application; includeInIndex = 0; path = Layouts.app; sourceTree = BUILT_PRODUCTS_DIR; };
		B79DA9891D11A34E0013D81A /* AppDelegate.swift */ = {isa = PBXFileReference; lastKnownFileType = sourcecode.swift; path = AppDelegate.swift; sourceTree = "<group>"; };
		B79DA98E1D11A34E0013D81A /* Base */ = {isa = PBXFileReference; fileEncoding = 4; lastKnownFileType = file.storyboard; name = Base; path = Base.lproj/Main.storyboard; sourceTree = "<group>"; };
		B79DA9901D11A34E0013D81A /* Assets.xcassets */ = {isa = PBXFileReference; lastKnownFileType = folder.assetcatalog; path = Assets.xcassets; sourceTree = "<group>"; };
		B79DA9931D11A34E0013D81A /* Base */ = {isa = PBXFileReference; lastKnownFileType = file.storyboard; name = Base; path = Base.lproj/LaunchScreen.storyboard; sourceTree = "<group>"; };
		B79DA9951D11A34E0013D81A /* Info.plist */ = {isa = PBXFileReference; lastKnownFileType = text.plist.xml; path = Info.plist; sourceTree = "<group>"; };
		CC890B36DC839BC08724CA08 /* Pods-Layouts.release.xcconfig */ = {isa = PBXFileReference; includeInIndex = 1; lastKnownFileType = text.xcconfig; name = "Pods-Layouts.release.xcconfig"; path = "Pods/Target Support Files/Pods-Layouts/Pods-Layouts.release.xcconfig"; sourceTree = "<group>"; };
		E2074BE83F979574DBC7A7A0 /* Pods-Layouts.debug.xcconfig */ = {isa = PBXFileReference; includeInIndex = 1; lastKnownFileType = text.xcconfig; name = "Pods-Layouts.debug.xcconfig"; path = "Pods/Target Support Files/Pods-Layouts/Pods-Layouts.debug.xcconfig"; sourceTree = "<group>"; };
		EBE700EA8AAB7AC3A9AA2558 /* Layouts.uni */ = {isa = PBXFileReference; lastKnownFileType = file.uni; path = Layouts.uni; sourceTree = "<group>"; };
/* End PBXFileReference section */

/* Begin PBXFrameworksBuildPhase section */
		B79DA9831D11A34E0013D81A /* Frameworks */ = {
			isa = PBXFrameworksBuildPhase;
			buildActionMask = 2147483647;
			files = (
				8BDDD94A595FE28F0EFEB76F /* Pods_Layouts.framework in Frameworks */,
			);
			runOnlyForDeploymentPostprocessing = 0;
		};
/* End PBXFrameworksBuildPhase section */

/* Begin PBXGroup section */
		217F6B7AE20BE1F610A51A2B /* Frameworks */ = {
			isa = PBXGroup;
			children = (
				1CF76B80D468F9E8667173E6 /* Pods_Layouts.framework */,
			);
			name = Frameworks;
			sourceTree = "<group>";
		};
		967EC6F6B2A92DDB86742DBD /* Pods */ = {
			isa = PBXGroup;
			children = (
				E2074BE83F979574DBC7A7A0 /* Pods-Layouts.debug.xcconfig */,
				CC890B36DC839BC08724CA08 /* Pods-Layouts.release.xcconfig */,
			);
			name = Pods;
			sourceTree = "<group>";
		};
		B79DA97D1D11A34E0013D81A = {
			isa = PBXGroup;
			children = (
				B79DA9881D11A34E0013D81A /* Layouts */,
				B79DA9871D11A34E0013D81A /* Products */,
				967EC6F6B2A92DDB86742DBD /* Pods */,
				217F6B7AE20BE1F610A51A2B /* Frameworks */,
			);
			sourceTree = "<group>";
		};
		B79DA9871D11A34E0013D81A /* Products */ = {
			isa = PBXGroup;
			children = (
				B79DA9861D11A34E0013D81A /* Layouts.app */,
			);
			name = Products;
			sourceTree = "<group>";
		};
		B79DA9881D11A34E0013D81A /* Layouts */ = {
			isa = PBXGroup;
			children = (
				B79DA9891D11A34E0013D81A /* AppDelegate.swift */,
				B79DA98D1D11A34E0013D81A /* Main.storyboard */,
				B79DA9901D11A34E0013D81A /* Assets.xcassets */,
				B79DA9921D11A34E0013D81A /* LaunchScreen.storyboard */,
				B79DA9951D11A34E0013D81A /* Info.plist */,
				EBE700EA8AAB7AC3A9AA2558 /* Layouts.uni */,
			);
			path = Layouts;
			sourceTree = "<group>";
		};
/* End PBXGroup section */

/* Begin PBXNativeTarget section */
		B79DA9851D11A34E0013D81A /* Layouts */ = {
			isa = PBXNativeTarget;
			buildConfigurationList = B79DA9981D11A34E0013D81A /* Build configuration list for PBXNativeTarget "Layouts" */;
			buildPhases = (
				94CBEEEFA140EF2FF72354C5 /* [CP] Check Pods Manifest.lock */,
				B79DA9821D11A34E0013D81A /* Sources */,
				B79DA9831D11A34E0013D81A /* Frameworks */,
				B79DA9841D11A34E0013D81A /* Resources */,
				F9380B8B453DDDDDF1FA74B0 /* [CP] Embed Pods Frameworks */,
				52ADA69BD6063B2CE82AB2DC /* [CP] Copy Pods Resources */,
			);
			buildRules = (
			);
			dependencies = (
			);
			name = Layouts;
			productName = Layouts;
			productReference = B79DA9861D11A34E0013D81A /* Layouts.app */;
			productType = "com.apple.product-type.application";
		};
/* End PBXNativeTarget section */

/* Begin PBXProject section */
		B79DA97E1D11A34E0013D81A /* Project object */ = {
			isa = PBXProject;
			attributes = {
				LastSwiftUpdateCheck = 0730;
				LastUpgradeCheck = 0800;
				ORGANIZATIONNAME = Melsomino;
				TargetAttributes = {
					B79DA9851D11A34E0013D81A = {
						CreatedOnToolsVersion = 7.3;
						LastSwiftMigration = 0800;
					};
				};
			};
			buildConfigurationList = B79DA9811D11A34E0013D81A /* Build configuration list for PBXProject "Layouts" */;
			compatibilityVersion = "Xcode 3.2";
			developmentRegion = English;
			hasScannedForEncodings = 0;
			knownRegions = (
				en,
				Base,
			);
			mainGroup = B79DA97D1D11A34E0013D81A;
			productRefGroup = B79DA9871D11A34E0013D81A /* Products */;
			projectDirPath = "";
			projectRoot = "";
			targets = (
				B79DA9851D11A34E0013D81A /* Layouts */,
			);
		};
/* End PBXProject section */

/* Begin PBXResourcesBuildPhase section */
		B79DA9841D11A34E0013D81A /* Resources */ = {
			isa = PBXResourcesBuildPhase;
			buildActionMask = 2147483647;
			files = (
				B79DA9941D11A34E0013D81A /* LaunchScreen.storyboard in Resources */,
				B79DA9911D11A34E0013D81A /* Assets.xcassets in Resources */,
				B79DA98F1D11A34E0013D81A /* Main.storyboard in Resources */,
				EBE70C32CF3FF5CDAFF164E8 /* Layouts.uni in Resources */,
			);
			runOnlyForDeploymentPostprocessing = 0;
		};
/* End PBXResourcesBuildPhase section */

/* Begin PBXShellScriptBuildPhase section */
		52ADA69BD6063B2CE82AB2DC /* [CP] Copy Pods Resources */ = {
			isa = PBXShellScriptBuildPhase;
			buildActionMask = 2147483647;
			files = (
			);
			inputPaths = (
			);
			name = "[CP] Copy Pods Resources";
			outputPaths = (
			);
			runOnlyForDeploymentPostprocessing = 0;
			shellPath = /bin/sh;
			shellScript = "\"${SRCROOT}/Pods/Target Support Files/Pods-Layouts/Pods-Layouts-resources.sh\"\n";
			showEnvVarsInLog = 0;
		};
		94CBEEEFA140EF2FF72354C5 /* [CP] Check Pods Manifest.lock */ = {
			isa = PBXShellScriptBuildPhase;
			buildActionMask = 2147483647;
			files = (
			);
			inputPaths = (
			);
			name = "[CP] Check Pods Manifest.lock";
			outputPaths = (
			);
			runOnlyForDeploymentPostprocessing = 0;
			shellPath = /bin/sh;
			shellScript = "diff \"${PODS_ROOT}/../Podfile.lock\" \"${PODS_ROOT}/Manifest.lock\" > /dev/null\nif [ $? != 0 ] ; then\n    # print error to STDERR\n    echo \"error: The sandbox is not in sync with the Podfile.lock. Run 'pod install' or update your CocoaPods installation.\" >&2\n    exit 1\nfi\n";
			showEnvVarsInLog = 0;
		};
		F9380B8B453DDDDDF1FA74B0 /* [CP] Embed Pods Frameworks */ = {
			isa = PBXShellScriptBuildPhase;
			buildActionMask = 2147483647;
			files = (
			);
			inputPaths = (
			);
			name = "[CP] Embed Pods Frameworks";
			outputPaths = (
			);
			runOnlyForDeploymentPostprocessing = 0;
			shellPath = /bin/sh;
			shellScript = "\"${SRCROOT}/Pods/Target Support Files/Pods-Layouts/Pods-Layouts-frameworks.sh\"\n";
			showEnvVarsInLog = 0;
		};
/* End PBXShellScriptBuildPhase section */

/* Begin PBXSourcesBuildPhase section */
		B79DA9821D11A34E0013D81A /* Sources */ = {
			isa = PBXSourcesBuildPhase;
			buildActionMask = 2147483647;
			files = (
				B79DA98A1D11A34E0013D81A /* AppDelegate.swift in Sources */,
			);
			runOnlyForDeploymentPostprocessing = 0;
		};
/* End PBXSourcesBuildPhase section */

/* Begin PBXVariantGroup section */
		B79DA98D1D11A34E0013D81A /* Main.storyboard */ = {
			isa = PBXVariantGroup;
			children = (
				B79DA98E1D11A34E0013D81A /* Base */,
			);
			name = Main.storyboard;
			sourceTree = "<group>";
		};
		B79DA9921D11A34E0013D81A /* LaunchScreen.storyboard */ = {
			isa = PBXVariantGroup;
			children = (
				B79DA9931D11A34E0013D81A /* Base */,
			);
			name = LaunchScreen.storyboard;
			sourceTree = "<group>";
		};
/* End PBXVariantGroup section */

/* Begin XCBuildConfiguration section */
		B79DA9961D11A34E0013D81A /* Debug */ = {
			isa = XCBuildConfiguration;
			buildSettings = {
				ALWAYS_SEARCH_USER_PATHS = NO;
				CLANG_ANALYZER_NONNULL = YES;
				CLANG_CXX_LANGUAGE_STANDARD = "gnu++0x";
				CLANG_CXX_LIBRARY = "libc++";
				CLANG_ENABLE_MODULES = YES;
				CLANG_ENABLE_OBJC_ARC = YES;
				CLANG_WARN_BOOL_CONVERSION = YES;
				CLANG_WARN_CONSTANT_CONVERSION = YES;
				CLANG_WARN_DIRECT_OBJC_ISA_USAGE = YES_ERROR;
				CLANG_WARN_EMPTY_BODY = YES;
				CLANG_WARN_ENUM_CONVERSION = YES;
				CLANG_WARN_INFINITE_RECURSION = YES;
				CLANG_WARN_INT_CONVERSION = YES;
				CLANG_WARN_OBJC_ROOT_CLASS = YES_ERROR;
				CLANG_WARN_SUSPICIOUS_MOVE = YES;
				CLANG_WARN_UNREACHABLE_CODE = YES;
				CLANG_WARN__DUPLICATE_METHOD_MATCH = YES;
				"CODE_SIGN_IDENTITY[sdk=iphoneos*]" = "iPhone Developer";
				COPY_PHASE_STRIP = NO;
				DEBUG_INFORMATION_FORMAT = dwarf;
				ENABLE_STRICT_OBJC_MSGSEND = YES;
				ENABLE_TESTABILITY = YES;
				GCC_C_LANGUAGE_STANDARD = gnu99;
				GCC_DYNAMIC_NO_PIC = NO;
				GCC_NO_COMMON_BLOCKS = YES;
				GCC_OPTIMIZATION_LEVEL = 0;
				GCC_PREPROCESSOR_DEFINITIONS = (
					"DEBUG=1",
					"$(inherited)",
				);
				GCC_WARN_64_TO_32_BIT_CONVERSION = YES;
				GCC_WARN_ABOUT_RETURN_TYPE = YES_ERROR;
				GCC_WARN_UNDECLARED_SELECTOR = YES;
				GCC_WARN_UNINITIALIZED_AUTOS = YES_AGGRESSIVE;
				GCC_WARN_UNUSED_FUNCTION = YES;
				GCC_WARN_UNUSED_VARIABLE = YES;
				IPHONEOS_DEPLOYMENT_TARGET = 9.3;
				MTL_ENABLE_DEBUG_INFO = YES;
				ONLY_ACTIVE_ARCH = YES;
				SDKROOT = iphoneos;
				SWIFT_OPTIMIZATION_LEVEL = "-Onone";
				TARGETED_DEVICE_FAMILY = "1,2";
			};
			name = Debug;
		};
		B79DA9971D11A34E0013D81A /* Release */ = {
			isa = XCBuildConfiguration;
			buildSettings = {
				ALWAYS_SEARCH_USER_PATHS = NO;
				CLANG_ANALYZER_NONNULL = YES;
				CLANG_CXX_LANGUAGE_STANDARD = "gnu++0x";
				CLANG_CXX_LIBRARY = "libc++";
				CLANG_ENABLE_MODULES = YES;
				CLANG_ENABLE_OBJC_ARC = YES;
				CLANG_WARN_BOOL_CONVERSION = YES;
				CLANG_WARN_CONSTANT_CONVERSION = YES;
				CLANG_WARN_DIRECT_OBJC_ISA_USAGE = YES_ERROR;
				CLANG_WARN_EMPTY_BODY = YES;
				CLANG_WARN_ENUM_CONVERSION = YES;
				CLANG_WARN_INFINITE_RECURSION = YES;
				CLANG_WARN_INT_CONVERSION = YES;
				CLANG_WARN_OBJC_ROOT_CLASS = YES_ERROR;
				CLANG_WARN_SUSPICIOUS_MOVE = YES;
				CLANG_WARN_UNREACHABLE_CODE = YES;
				CLANG_WARN__DUPLICATE_METHOD_MATCH = YES;
				"CODE_SIGN_IDENTITY[sdk=iphoneos*]" = "iPhone Developer";
				COPY_PHASE_STRIP = NO;
				DEBUG_INFORMATION_FORMAT = "dwarf-with-dsym";
				ENABLE_NS_ASSERTIONS = NO;
				ENABLE_STRICT_OBJC_MSGSEND = YES;
				GCC_C_LANGUAGE_STANDARD = gnu99;
				GCC_NO_COMMON_BLOCKS = YES;
				GCC_WARN_64_TO_32_BIT_CONVERSION = YES;
				GCC_WARN_ABOUT_RETURN_TYPE = YES_ERROR;
				GCC_WARN_UNDECLARED_SELECTOR = YES;
				GCC_WARN_UNINITIALIZED_AUTOS = YES_AGGRESSIVE;
				GCC_WARN_UNUSED_FUNCTION = YES;
				GCC_WARN_UNUSED_VARIABLE = YES;
				IPHONEOS_DEPLOYMENT_TARGET = 9.3;
				MTL_ENABLE_DEBUG_INFO = NO;
				SDKROOT = iphoneos;
				SWIFT_OPTIMIZATION_LEVEL = "-Owholemodule";
				TARGETED_DEVICE_FAMILY = "1,2";
				VALIDATE_PRODUCT = YES;
			};
			name = Release;
		};
		B79DA9991D11A34E0013D81A /* Debug */ = {
			isa = XCBuildConfiguration;
			baseConfigurationReference = E2074BE83F979574DBC7A7A0 /* Pods-Layouts.debug.xcconfig */;
			buildSettings = {
				ALWAYS_EMBED_SWIFT_STANDARD_LIBRARIES = YES;
				ASSETCATALOG_COMPILER_APPICON_NAME = AppIcon;
				INFOPLIST_FILE = Layouts/Info.plist;
				LD_RUNPATH_SEARCH_PATHS = "$(inherited) @executable_path/Frameworks";
				PRODUCT_BUNDLE_IDENTIFIER = melsomino.Layouts;
				PRODUCT_NAME = "$(TARGET_NAME)";
				SWIFT_VERSION = 3.0;
			};
			name = Debug;
		};
		B79DA99A1D11A34E0013D81A /* Release */ = {
			isa = XCBuildConfiguration;
			baseConfigurationReference = CC890B36DC839BC08724CA08 /* Pods-Layouts.release.xcconfig */;
			buildSettings = {
				ALWAYS_EMBED_SWIFT_STANDARD_LIBRARIES = YES;
				ASSETCATALOG_COMPILER_APPICON_NAME = AppIcon;
				INFOPLIST_FILE = Layouts/Info.plist;
				LD_RUNPATH_SEARCH_PATHS = "$(inherited) @executable_path/Frameworks";
				PRODUCT_BUNDLE_IDENTIFIER = melsomino.Layouts;
				PRODUCT_NAME = "$(TARGET_NAME)";
				SWIFT_VERSION = 3.0;
			};
			name = Release;
		};
/* End XCBuildConfiguration section */

/* Begin XCConfigurationList section */
		B79DA9811D11A34E0013D81A /* Build configuration list for PBXProject "Layouts" */ = {
			isa = XCConfigurationList;
			buildConfigurations = (
				B79DA9961D11A34E0013D81A /* Debug */,
				B79DA9971D11A34E0013D81A /* Release */,
			);
			defaultConfigurationIsVisible = 0;
			defaultConfigurationName = Release;
		};
		B79DA9981D11A34E0013D81A /* Build configuration list for PBXNativeTarget "Layouts" */ = {
			isa = XCConfigurationList;
			buildConfigurations = (
				B79DA9991D11A34E0013D81A /* Debug */,
				B79DA99A1D11A34E0013D81A /* Release */,
			);
			defaultConfigurationIsVisible = 0;
			defaultConfigurationName = Release;
		};
/* End XCConfigurationList section */
	};
	rootObject = B79DA97E1D11A34E0013D81A /* Project object */;
}
